// !$*UTF8*$!
{
	archiveVersion = 1;
	classes = {
	};
	objectVersion = 55;
	objects = {

/* Begin PBXBuildFile section */
		635B443D28B69BDE006F2A87 /* MyCell.swift in Sources */ = {isa = PBXBuildFile; fileRef = 635B443B28B69BDE006F2A87 /* MyCell.swift */; };
		635B443E28B69BDE006F2A87 /* MyCell.xib in Resources */ = {isa = PBXBuildFile; fileRef = 635B443C28B69BDE006F2A87 /* MyCell.xib */; };
		635B444428B69CB8006F2A87 /* ExtensionViewController.swift in Sources */ = {isa = PBXBuildFile; fileRef = 635B444328B69CB8006F2A87 /* ExtensionViewController.swift */; };
		635B444628B6A0BF006F2A87 /* BookListStruct.swift in Sources */ = {isa = PBXBuildFile; fileRef = 635B444528B6A0BF006F2A87 /* BookListStruct.swift */; };
		635B444828B6AFA7006F2A87 /* BookDetail.swift in Sources */ = {isa = PBXBuildFile; fileRef = 635B444728B6AFA7006F2A87 /* BookDetail.swift */; };
		6378A0E328B8074C00F5E3D9 /* AddBookVC.swift in Sources */ = {isa = PBXBuildFile; fileRef = 6378A0E228B8074C00F5E3D9 /* AddBookVC.swift */; };
		6378A0E628B8463700F5E3D9 /* IQKeyboardManagerSwift in Frameworks */ = {isa = PBXBuildFile; productRef = 6378A0E528B8463700F5E3D9 /* IQKeyboardManagerSwift */; };
		638605F028B659E60056E995 /* AppDelegate.swift in Sources */ = {isa = PBXBuildFile; fileRef = 638605EF28B659E60056E995 /* AppDelegate.swift */; };
		638605F228B659E60056E995 /* SceneDelegate.swift in Sources */ = {isa = PBXBuildFile; fileRef = 638605F128B659E60056E995 /* SceneDelegate.swift */; };
		638605F428B659E60056E995 /* ViewController.swift in Sources */ = {isa = PBXBuildFile; fileRef = 638605F328B659E60056E995 /* ViewController.swift */; };
		638605F728B659E60056E995 /* Main.storyboard in Resources */ = {isa = PBXBuildFile; fileRef = 638605F528B659E60056E995 /* Main.storyboard */; };
		638605F928B659E80056E995 /* Assets.xcassets in Resources */ = {isa = PBXBuildFile; fileRef = 638605F828B659E80056E995 /* Assets.xcassets */; };
		638605FC28B659E80056E995 /* LaunchScreen.storyboard in Resources */ = {isa = PBXBuildFile; fileRef = 638605FA28B659E80056E995 /* LaunchScreen.storyboard */; };
/* End PBXBuildFile section */

/* Begin PBXFileReference section */
		635B443B28B69BDE006F2A87 /* MyCell.swift */ = {isa = PBXFileReference; lastKnownFileType = sourcecode.swift; path = MyCell.swift; sourceTree = "<group>"; };
		635B443C28B69BDE006F2A87 /* MyCell.xib */ = {isa = PBXFileReference; lastKnownFileType = file.xib; path = MyCell.xib; sourceTree = "<group>"; };
		635B444328B69CB8006F2A87 /* ExtensionViewController.swift */ = {isa = PBXFileReference; lastKnownFileType = sourcecode.swift; path = ExtensionViewController.swift; sourceTree = "<group>"; };
		635B444528B6A0BF006F2A87 /* BookListStruct.swift */ = {isa = PBXFileReference; lastKnownFileType = sourcecode.swift; path = BookListStruct.swift; sourceTree = "<group>"; };
		635B444728B6AFA7006F2A87 /* BookDetail.swift */ = {isa = PBXFileReference; lastKnownFileType = sourcecode.swift; path = BookDetail.swift; sourceTree = "<group>"; };
		6378A0E228B8074C00F5E3D9 /* AddBookVC.swift */ = {isa = PBXFileReference; lastKnownFileType = sourcecode.swift; path = AddBookVC.swift; sourceTree = "<group>"; };
		638605EC28B659E60056E995 /* BookList.app */ = {isa = PBXFileReference; explicitFileType = wrapper.application; includeInIndex = 0; path = BookList.app; sourceTree = BUILT_PRODUCTS_DIR; };
		638605EF28B659E60056E995 /* AppDelegate.swift */ = {isa = PBXFileReference; lastKnownFileType = sourcecode.swift; path = AppDelegate.swift; sourceTree = "<group>"; };
		638605F128B659E60056E995 /* SceneDelegate.swift */ = {isa = PBXFileReference; lastKnownFileType = sourcecode.swift; path = SceneDelegate.swift; sourceTree = "<group>"; };
		638605F328B659E60056E995 /* ViewController.swift */ = {isa = PBXFileReference; lastKnownFileType = sourcecode.swift; path = ViewController.swift; sourceTree = "<group>"; };
		638605F628B659E60056E995 /* Base */ = {isa = PBXFileReference; lastKnownFileType = file.storyboard; name = Base; path = Base.lproj/Main.storyboard; sourceTree = "<group>"; };
		638605F828B659E80056E995 /* Assets.xcassets */ = {isa = PBXFileReference; lastKnownFileType = folder.assetcatalog; path = Assets.xcassets; sourceTree = "<group>"; };
		638605FB28B659E80056E995 /* Base */ = {isa = PBXFileReference; lastKnownFileType = file.storyboard; name = Base; path = Base.lproj/LaunchScreen.storyboard; sourceTree = "<group>"; };
		638605FD28B659E80056E995 /* Info.plist */ = {isa = PBXFileReference; lastKnownFileType = text.plist.xml; path = Info.plist; sourceTree = "<group>"; };
/* End PBXFileReference section */

/* Begin PBXFrameworksBuildPhase section */
		638605E928B659E60056E995 /* Frameworks */ = {
			isa = PBXFrameworksBuildPhase;
			buildActionMask = 2147483647;
			files = (
				6378A0E628B8463700F5E3D9 /* IQKeyboardManagerSwift in Frameworks */,
			);
			runOnlyForDeploymentPostprocessing = 0;
		};
/* End PBXFrameworksBuildPhase section */

/* Begin PBXGroup section */
		638605E328B659E60056E995 = {
			isa = PBXGroup;
			children = (
				638605EE28B659E60056E995 /* BookList */,
				638605ED28B659E60056E995 /* Products */,
			);
			sourceTree = "<group>";
		};
		638605ED28B659E60056E995 /* Products */ = {
			isa = PBXGroup;
			children = (
				638605EC28B659E60056E995 /* BookList.app */,
			);
			name = Products;
			sourceTree = "<group>";
		};
		638605EE28B659E60056E995 /* BookList */ = {
			isa = PBXGroup;
			children = (
				638605EF28B659E60056E995 /* AppDelegate.swift */,
				638605F128B659E60056E995 /* SceneDelegate.swift */,
				638605F328B659E60056E995 /* ViewController.swift */,
				638605F528B659E60056E995 /* Main.storyboard */,
				638605F828B659E80056E995 /* Assets.xcassets */,
				638605FA28B659E80056E995 /* LaunchScreen.storyboard */,
				638605FD28B659E80056E995 /* Info.plist */,
				635B443B28B69BDE006F2A87 /* MyCell.swift */,
				635B443C28B69BDE006F2A87 /* MyCell.xib */,
				635B444328B69CB8006F2A87 /* ExtensionViewController.swift */,
				635B444528B6A0BF006F2A87 /* BookListStruct.swift */,
				635B444728B6AFA7006F2A87 /* BookDetail.swift */,
				6378A0E228B8074C00F5E3D9 /* AddBookVC.swift */,
			);
			path = BookList;
			sourceTree = "<group>";
		};
/* End PBXGroup section */

/* Begin PBXNativeTarget section */
		638605EB28B659E60056E995 /* BookList */ = {
			isa = PBXNativeTarget;
			buildConfigurationList = 6386060028B659E80056E995 /* Build configuration list for PBXNativeTarget "BookList" */;
			buildPhases = (
				638605E828B659E60056E995 /* Sources */,
				638605E928B659E60056E995 /* Frameworks */,
				638605EA28B659E60056E995 /* Resources */,
			);
			buildRules = (
			);
			dependencies = (
			);
			name = BookList;
			packageProductDependencies = (
				6378A0E528B8463700F5E3D9 /* IQKeyboardManagerSwift */,
			);
			productName = BookList;
			productReference = 638605EC28B659E60056E995 /* BookList.app */;
			productType = "com.apple.product-type.application";
		};
/* End PBXNativeTarget section */

/* Begin PBXProject section */
		638605E428B659E60056E995 /* Project object */ = {
			isa = PBXProject;
			attributes = {
				BuildIndependentTargetsInParallel = 1;
				LastSwiftUpdateCheck = 1320;
				LastUpgradeCheck = 1320;
				TargetAttributes = {
					638605EB28B659E60056E995 = {
						CreatedOnToolsVersion = 13.2.1;
					};
				};
			};
			buildConfigurationList = 638605E728B659E60056E995 /* Build configuration list for PBXProject "BookList" */;
			compatibilityVersion = "Xcode 13.0";
			developmentRegion = en;
			hasScannedForEncodings = 0;
			knownRegions = (
				en,
				Base,
			);
			mainGroup = 638605E328B659E60056E995;
			packageReferences = (
				6378A0E428B8463700F5E3D9 /* XCRemoteSwiftPackageReference "IQKeyboardManager" */,
			);
			productRefGroup = 638605ED28B659E60056E995 /* Products */;
			projectDirPath = "";
			projectRoot = "";
			targets = (
				638605EB28B659E60056E995 /* BookList */,
			);
		};
/* End PBXProject section */

/* Begin PBXResourcesBuildPhase section */
		638605EA28B659E60056E995 /* Resources */ = {
			isa = PBXResourcesBuildPhase;
			buildActionMask = 2147483647;
			files = (
				638605FC28B659E80056E995 /* LaunchScreen.storyboard in Resources */,
				635B443E28B69BDE006F2A87 /* MyCell.xib in Resources */,
				638605F928B659E80056E995 /* Assets.xcassets in Resources */,
				638605F728B659E60056E995 /* Main.storyboard in Resources */,
			);
			runOnlyForDeploymentPostprocessing = 0;
		};
/* End PBXResourcesBuildPhase section */

/* Begin PBXSourcesBuildPhase section */
		638605E828B659E60056E995 /* Sources */ = {
			isa = PBXSourcesBuildPhase;
			buildActionMask = 2147483647;
			files = (
				638605F428B659E60056E995 /* ViewController.swift in Sources */,
				635B444428B69CB8006F2A87 /* ExtensionViewController.swift in Sources */,
				635B443D28B69BDE006F2A87 /* MyCell.swift in Sources */,
				635B444628B6A0BF006F2A87 /* BookListStruct.swift in Sources */,
				638605F028B659E60056E995 /* AppDelegate.swift in Sources */,
				635B444828B6AFA7006F2A87 /* BookDetail.swift in Sources */,
				638605F228B659E60056E995 /* SceneDelegate.swift in Sources */,
				6378A0E328B8074C00F5E3D9 /* AddBookVC.swift in Sources */,
			);
			runOnlyForDeploymentPostprocessing = 0;
		};
/* End PBXSourcesBuildPhase section */

/* Begin PBXVariantGroup section */
		638605F528B659E60056E995 /* Main.storyboard */ = {
			isa = PBXVariantGroup;
			children = (
				638605F628B659E60056E995 /* Base */,
			);
			name = Main.storyboard;
			sourceTree = "<group>";
		};
		638605FA28B659E80056E995 /* LaunchScreen.storyboard */ = {
			isa = PBXVariantGroup;
			children = (
				638605FB28B659E80056E995 /* Base */,
			);
			name = LaunchScreen.storyboard;
			sourceTree = "<group>";
		};
/* End PBXVariantGroup section */

/* Begin XCBuildConfiguration section */
		638605FE28B659E80056E995 /* Debug */ = {
			isa = XCBuildConfiguration;
			buildSettings = {
				ALWAYS_SEARCH_USER_PATHS = NO;
				CLANG_ANALYZER_NONNULL = YES;
				CLANG_ANALYZER_NUMBER_OBJECT_CONVERSION = YES_AGGRESSIVE;
				CLANG_CXX_LANGUAGE_STANDARD = "gnu++17";
				CLANG_CXX_LIBRARY = "libc++";
				CLANG_ENABLE_MODULES = YES;
				CLANG_ENABLE_OBJC_ARC = YES;
				CLANG_ENABLE_OBJC_WEAK = YES;
				CLANG_WARN_BLOCK_CAPTURE_AUTORELEASING = YES;
				CLANG_WARN_BOOL_CONVERSION = YES;
				CLANG_WARN_COMMA = YES;
				CLANG_WARN_CONSTANT_CONVERSION = YES;
				CLANG_WARN_DEPRECATED_OBJC_IMPLEMENTATIONS = YES;
				CLANG_WARN_DIRECT_OBJC_ISA_USAGE = YES_ERROR;
				CLANG_WARN_DOCUMENTATION_COMMENTS = YES;
				CLANG_WARN_EMPTY_BODY = YES;
				CLANG_WARN_ENUM_CONVERSION = YES;
				CLANG_WARN_INFINITE_RECURSION = YES;
				CLANG_WARN_INT_CONVERSION = YES;
				CLANG_WARN_NON_LITERAL_NULL_CONVERSION = YES;
				CLANG_WARN_OBJC_IMPLICIT_RETAIN_SELF = YES;
				CLANG_WARN_OBJC_LITERAL_CONVERSION = YES;
				CLANG_WARN_OBJC_ROOT_CLASS = YES_ERROR;
				CLANG_WARN_QUOTED_INCLUDE_IN_FRAMEWORK_HEADER = YES;
				CLANG_WARN_RANGE_LOOP_ANALYSIS = YES;
				CLANG_WARN_STRICT_PROTOTYPES = YES;
				CLANG_WARN_SUSPICIOUS_MOVE = YES;
				CLANG_WARN_UNGUARDED_AVAILABILITY = YES_AGGRESSIVE;
				CLANG_WARN_UNREACHABLE_CODE = YES;
				CLANG_WARN__DUPLICATE_METHOD_MATCH = YES;
				COPY_PHASE_STRIP = NO;
				DEBUG_INFORMATION_FORMAT = dwarf;
				ENABLE_STRICT_OBJC_MSGSEND = YES;
				ENABLE_TESTABILITY = YES;
				GCC_C_LANGUAGE_STANDARD = gnu11;
				GCC_DYNAMIC_NO_PIC = NO;
				GCC_NO_COMMON_BLOCKS = YES;
				GCC_OPTIMIZATION_LEVEL = 0;
				GCC_PREPROCESSOR_DEFINITIONS = (
					"DEBUG=1",
					"$(inherited)",
				);
				GCC_WARN_64_TO_32_BIT_CONVERSION = YES;
				GCC_WARN_ABOUT_RETURN_TYPE = YES_ERROR;
				GCC_WARN_UNDECLARED_SELECTOR = YES;
				GCC_WARN_UNINITIALIZED_AUTOS = YES_AGGRESSIVE;
				GCC_WARN_UNUSED_FUNCTION = YES;
				GCC_WARN_UNUSED_VARIABLE = YES;
				IPHONEOS_DEPLOYMENT_TARGET = 15.2;
				MTL_ENABLE_DEBUG_INFO = INCLUDE_SOURCE;
				MTL_FAST_MATH = YES;
				ONLY_ACTIVE_ARCH = YES;
				SDKROOT = iphoneos;
				SWIFT_ACTIVE_COMPILATION_CONDITIONS = DEBUG;
				SWIFT_OPTIMIZATION_LEVEL = "-Onone";
			};
			name = Debug;
		};
		638605FF28B659E80056E995 /* Release */ = {
			isa = XCBuildConfiguration;
			buildSettings = {
				ALWAYS_SEARCH_USER_PATHS = NO;
				CLANG_ANALYZER_NONNULL = YES;
				CLANG_ANALYZER_NUMBER_OBJECT_CONVERSION = YES_AGGRESSIVE;
				CLANG_CXX_LANGUAGE_STANDARD = "gnu++17";
				CLANG_CXX_LIBRARY = "libc++";
				CLANG_ENABLE_MODULES = YES;
				CLANG_ENABLE_OBJC_ARC = YES;
				CLANG_ENABLE_OBJC_WEAK = YES;
				CLANG_WARN_BLOCK_CAPTURE_AUTORELEASING = YES;
				CLANG_WARN_BOOL_CONVERSION = YES;
				CLANG_WARN_COMMA = YES;
				CLANG_WARN_CONSTANT_CONVERSION = YES;
				CLANG_WARN_DEPRECATED_OBJC_IMPLEMENTATIONS = YES;
				CLANG_WARN_DIRECT_OBJC_ISA_USAGE = YES_ERROR;
				CLANG_WARN_DOCUMENTATION_COMMENTS = YES;
				CLANG_WARN_EMPTY_BODY = YES;
				CLANG_WARN_ENUM_CONVERSION = YES;
				CLANG_WARN_INFINITE_RECURSION = YES;
				CLANG_WARN_INT_CONVERSION = YES;
				CLANG_WARN_NON_LITERAL_NULL_CONVERSION = YES;
				CLANG_WARN_OBJC_IMPLICIT_RETAIN_SELF = YES;
				CLANG_WARN_OBJC_LITERAL_CONVERSION = YES;
				CLANG_WARN_OBJC_ROOT_CLASS = YES_ERROR;
				CLANG_WARN_QUOTED_INCLUDE_IN_FRAMEWORK_HEADER = YES;
				CLANG_WARN_RANGE_LOOP_ANALYSIS = YES;
				CLANG_WARN_STRICT_PROTOTYPES = YES;
				CLANG_WARN_SUSPICIOUS_MOVE = YES;
				CLANG_WARN_UNGUARDED_AVAILABILITY = YES_AGGRESSIVE;
				CLANG_WARN_UNREACHABLE_CODE = YES;
				CLANG_WARN__DUPLICATE_METHOD_MATCH = YES;
				COPY_PHASE_STRIP = NO;
				DEBUG_INFORMATION_FORMAT = "dwarf-with-dsym";
				ENABLE_NS_ASSERTIONS = NO;
				ENABLE_STRICT_OBJC_MSGSEND = YES;
				GCC_C_LANGUAGE_STANDARD = gnu11;
				GCC_NO_COMMON_BLOCKS = YES;
				GCC_WARN_64_TO_32_BIT_CONVERSION = YES;
				GCC_WARN_ABOUT_RETURN_TYPE = YES_ERROR;
				GCC_WARN_UNDECLARED_SELECTOR = YES;
				GCC_WARN_UNINITIALIZED_AUTOS = YES_AGGRESSIVE;
				GCC_WARN_UNUSED_FUNCTION = YES;
				GCC_WARN_UNUSED_VARIABLE = YES;
				IPHONEOS_DEPLOYMENT_TARGET = 15.2;
				MTL_ENABLE_DEBUG_INFO = NO;
				MTL_FAST_MATH = YES;
				SDKROOT = iphoneos;
				SWIFT_COMPILATION_MODE = wholemodule;
				SWIFT_OPTIMIZATION_LEVEL = "-O";
				VALIDATE_PRODUCT = YES;
			};
			name = Release;
		};
		6386060128B659E80056E995 /* Debug */ = {
			isa = XCBuildConfiguration;
			buildSettings = {
				ASSETCATALOG_COMPILER_APPICON_NAME = AppIcon;
				ASSETCATALOG_COMPILER_GLOBAL_ACCENT_COLOR_NAME = AccentColor;
				CODE_SIGN_STYLE = Automatic;
				CURRENT_PROJECT_VERSION = 1;
				DEVELOPMENT_TEAM = 745Y6A94NJ;
				GENERATE_INFOPLIST_FILE = YES;
				INFOPLIST_FILE = BookList/Info.plist;
				INFOPLIST_KEY_NSFileProviderDomainUsageDescription = "Please Allow Access To Import Book Cover";
				INFOPLIST_KEY_UIApplicationSupportsIndirectInputEvents = YES;
				INFOPLIST_KEY_UILaunchStoryboardName = LaunchScreen;
				INFOPLIST_KEY_UIMainStoryboardFile = Main;
				INFOPLIST_KEY_UISupportedInterfaceOrientations_iPad = "UIInterfaceOrientationPortrait UIInterfaceOrientationPortraitUpsideDown UIInterfaceOrientationLandscapeLeft UIInterfaceOrientationLandscapeRight";
				INFOPLIST_KEY_UISupportedInterfaceOrientations_iPhone = "UIInterfaceOrientationPortrait UIInterfaceOrientationLandscapeLeft UIInterfaceOrientationLandscapeRight";
				LD_RUNPATH_SEARCH_PATHS = (
					"$(inherited)",
					"@executable_path/Frameworks",
				);
				MARKETING_VERSION = 1.0;
				PRODUCT_BUNDLE_IDENTIFIER = com.example.BookList;
				PRODUCT_NAME = "$(TARGET_NAME)";
				SWIFT_EMIT_LOC_STRINGS = YES;
				SWIFT_VERSION = 5.0;
				TARGETED_DEVICE_FAMILY = "1,2";
			};
			name = Debug;
		};
		6386060228B659E80056E995 /* Release */ = {
			isa = XCBuildConfiguration;
			buildSettings = {
				ASSETCATALOG_COMPILER_APPICON_NAME = AppIcon;
				ASSETCATALOG_COMPILER_GLOBAL_ACCENT_COLOR_NAME = AccentColor;
				CODE_SIGN_STYLE = Automatic;
				CURRENT_PROJECT_VERSION = 1;
				DEVELOPMENT_TEAM = 745Y6A94NJ;
				GENERATE_INFOPLIST_FILE = YES;
				INFOPLIST_FILE = BookList/Info.plist;
				INFOPLIST_KEY_NSFileProviderDomainUsageDescription = "Please Allow Access To Import Book Cover";
				INFOPLIST_KEY_UIApplicationSupportsIndirectInputEvents = YES;
				INFOPLIST_KEY_UILaunchStoryboardName = LaunchScreen;
				INFOPLIST_KEY_UIMainStoryboardFile = Main;
				INFOPLIST_KEY_UISupportedInterfaceOrientations_iPad = "UIInterfaceOrientationPortrait UIInterfaceOrientationPortraitUpsideDown UIInterfaceOrientationLandscapeLeft UIInterfaceOrientationLandscapeRight";
				INFOPLIST_KEY_UISupportedInterfaceOrientations_iPhone = "UIInterfaceOrientationPortrait UIInterfaceOrientationLandscapeLeft UIInterfaceOrientationLandscapeRight";
				LD_RUNPATH_SEARCH_PATHS = (
					"$(inherited)",
					"@executable_path/Frameworks",
				);
				MARKETING_VERSION = 1.0;
				PRODUCT_BUNDLE_IDENTIFIER = com.example.BookList;
				PRODUCT_NAME = "$(TARGET_NAME)";
				SWIFT_EMIT_LOC_STRINGS = YES;
				SWIFT_VERSION = 5.0;
				TARGETED_DEVICE_FAMILY = "1,2";
			};
			name = Release;
		};
/* End XCBuildConfiguration section */

/* Begin XCConfigurationList section */
		638605E728B659E60056E995 /* Build configuration list for PBXProject "BookList" */ = {
			isa = XCConfigurationList;
			buildConfigurations = (
				638605FE28B659E80056E995 /* Debug */,
				638605FF28B659E80056E995 /* Release */,
			);
			defaultConfigurationIsVisible = 0;
			defaultConfigurationName = Release;
		};
		6386060028B659E80056E995 /* Build configuration list for PBXNativeTarget "BookList" */ = {
			isa = XCConfigurationList;
			buildConfigurations = (
				6386060128B659E80056E995 /* Debug */,
				6386060228B659E80056E995 /* Release */,
			);
			defaultConfigurationIsVisible = 0;
			defaultConfigurationName = Release;
		};
/* End XCConfigurationList section */

/* Begin XCRemoteSwiftPackageReference section */
		6378A0E428B8463700F5E3D9 /* XCRemoteSwiftPackageReference "IQKeyboardManager" */ = {
			isa = XCRemoteSwiftPackageReference;
			repositoryURL = "https://github.com/hackiftekhar/IQKeyboardManager.git";
			requirement = {
				kind = versionRange;
				maximumVersion = 6.5.0;
				minimumVersion = 2.0.0;
			};
		};
/* End XCRemoteSwiftPackageReference section */

/* Begin XCSwiftPackageProductDependency section */
		6378A0E528B8463700F5E3D9 /* IQKeyboardManagerSwift */ = {
			isa = XCSwiftPackageProductDependency;
			package = 6378A0E428B8463700F5E3D9 /* XCRemoteSwiftPackageReference "IQKeyboardManager" */;
			productName = IQKeyboardManagerSwift;
		};
/* End XCSwiftPackageProductDependency section */
	};
	rootObject = 638605E428B659E60056E995 /* Project object */;
}
