// !$*UTF8*$!
{
	archiveVersion = 1;
	classes = {
	};
	objectVersion = 55;
	objects = {

/* Begin PBXBuildFile section */
		97961ED928B6EA1C00F1E6E8 /* AppDelegate.swift in Sources */ = {isa = PBXBuildFile; fileRef = 97961ED828B6EA1C00F1E6E8 /* AppDelegate.swift */; };
		97961EDB28B6EA1C00F1E6E8 /* SceneDelegate.swift in Sources */ = {isa = PBXBuildFile; fileRef = 97961EDA28B6EA1C00F1E6E8 /* SceneDelegate.swift */; };
		97961EDD28B6EA1C00F1E6E8 /* ViewController.swift in Sources */ = {isa = PBXBuildFile; fileRef = 97961EDC28B6EA1C00F1E6E8 /* ViewController.swift */; };
		97961EE028B6EA1C00F1E6E8 /* Main.storyboard in Resources */ = {isa = PBXBuildFile; fileRef = 97961EDE28B6EA1C00F1E6E8 /* Main.storyboard */; };
		97961EE228B6EA2000F1E6E8 /* Assets.xcassets in Resources */ = {isa = PBXBuildFile; fileRef = 97961EE128B6EA2000F1E6E8 /* Assets.xcassets */; };
		97961EE528B6EA2000F1E6E8 /* LaunchScreen.storyboard in Resources */ = {isa = PBXBuildFile; fileRef = 97961EE328B6EA2000F1E6E8 /* LaunchScreen.storyboard */; };
		97961EED28B6F61500F1E6E8 /* tableViewCell.swift in Sources */ = {isa = PBXBuildFile; fileRef = 97961EEC28B6F61400F1E6E8 /* tableViewCell.swift */; };
		97A7FCB828B7525200C7E487 /* book.swift in Sources */ = {isa = PBXBuildFile; fileRef = 97A7FCB728B7525200C7E487 /* book.swift */; };
		97A7FCFE28B7FED500C7E487 /* imgViewController.swift in Sources */ = {isa = PBXBuildFile; fileRef = 97A7FCFD28B7FED500C7E487 /* imgViewController.swift */; };
		97A7FD0128B8083C00C7E487 /* TextFieldEffects in Frameworks */ = {isa = PBXBuildFile; productRef = 97A7FD0028B8083C00C7E487 /* TextFieldEffects */; };
		97A7FD0328B8366800C7E487 /* compare.swift in Sources */ = {isa = PBXBuildFile; fileRef = 97A7FD0228B8366800C7E487 /* compare.swift */; };
/* End PBXBuildFile section */

/* Begin PBXFileReference section */
		97961ED528B6EA1C00F1E6E8 /* Books.app */ = {isa = PBXFileReference; explicitFileType = wrapper.application; includeInIndex = 0; path = Books.app; sourceTree = BUILT_PRODUCTS_DIR; };
		97961ED828B6EA1C00F1E6E8 /* AppDelegate.swift */ = {isa = PBXFileReference; lastKnownFileType = sourcecode.swift; path = AppDelegate.swift; sourceTree = "<group>"; };
		97961EDA28B6EA1C00F1E6E8 /* SceneDelegate.swift */ = {isa = PBXFileReference; lastKnownFileType = sourcecode.swift; path = SceneDelegate.swift; sourceTree = "<group>"; };
		97961EDC28B6EA1C00F1E6E8 /* ViewController.swift */ = {isa = PBXFileReference; lastKnownFileType = sourcecode.swift; path = ViewController.swift; sourceTree = "<group>"; };
		97961EDF28B6EA1C00F1E6E8 /* Base */ = {isa = PBXFileReference; lastKnownFileType = file.storyboard; name = Base; path = Base.lproj/Main.storyboard; sourceTree = "<group>"; };
		97961EE128B6EA2000F1E6E8 /* Assets.xcassets */ = {isa = PBXFileReference; lastKnownFileType = folder.assetcatalog; path = Assets.xcassets; sourceTree = "<group>"; };
		97961EE428B6EA2000F1E6E8 /* Base */ = {isa = PBXFileReference; lastKnownFileType = file.storyboard; name = Base; path = Base.lproj/LaunchScreen.storyboard; sourceTree = "<group>"; };
		97961EE628B6EA2000F1E6E8 /* Info.plist */ = {isa = PBXFileReference; lastKnownFileType = text.plist.xml; path = Info.plist; sourceTree = "<group>"; };
		97961EEC28B6F61400F1E6E8 /* tableViewCell.swift */ = {isa = PBXFileReference; lastKnownFileType = sourcecode.swift; path = tableViewCell.swift; sourceTree = "<group>"; };
		97A7FCB728B7525200C7E487 /* book.swift */ = {isa = PBXFileReference; lastKnownFileType = sourcecode.swift; path = book.swift; sourceTree = "<group>"; };
		97A7FCFD28B7FED500C7E487 /* imgViewController.swift */ = {isa = PBXFileReference; lastKnownFileType = sourcecode.swift; path = imgViewController.swift; sourceTree = "<group>"; };
		97A7FD0228B8366800C7E487 /* compare.swift */ = {isa = PBXFileReference; lastKnownFileType = sourcecode.swift; path = compare.swift; sourceTree = "<group>"; };
/* End PBXFileReference section */

/* Begin PBXFrameworksBuildPhase section */
		97961ED228B6EA1C00F1E6E8 /* Frameworks */ = {
			isa = PBXFrameworksBuildPhase;
			buildActionMask = 2147483647;
			files = (
				97A7FD0128B8083C00C7E487 /* TextFieldEffects in Frameworks */,
			);
			runOnlyForDeploymentPostprocessing = 0;
		};
/* End PBXFrameworksBuildPhase section */

/* Begin PBXGroup section */
		97961ECC28B6EA1C00F1E6E8 = {
			isa = PBXGroup;
			children = (
				97A7FD0228B8366800C7E487 /* compare.swift */,
				97A7FCB728B7525200C7E487 /* book.swift */,
				97961ED728B6EA1C00F1E6E8 /* Books */,
				97961ED628B6EA1C00F1E6E8 /* Products */,
			);
			sourceTree = "<group>";
		};
		97961ED628B6EA1C00F1E6E8 /* Products */ = {
			isa = PBXGroup;
			children = (
				97961ED528B6EA1C00F1E6E8 /* Books.app */,
			);
			name = Products;
			sourceTree = "<group>";
		};
		97961ED728B6EA1C00F1E6E8 /* Books */ = {
			isa = PBXGroup;
			children = (
				97961ED828B6EA1C00F1E6E8 /* AppDelegate.swift */,
				97961EDA28B6EA1C00F1E6E8 /* SceneDelegate.swift */,
				97961EDC28B6EA1C00F1E6E8 /* ViewController.swift */,
				97961EDE28B6EA1C00F1E6E8 /* Main.storyboard */,
				97A7FCFD28B7FED500C7E487 /* imgViewController.swift */,
				97961EEC28B6F61400F1E6E8 /* tableViewCell.swift */,
				97961EE128B6EA2000F1E6E8 /* Assets.xcassets */,
				97961EE328B6EA2000F1E6E8 /* LaunchScreen.storyboard */,
				97961EE628B6EA2000F1E6E8 /* Info.plist */,
			);
			path = Books;
			sourceTree = "<group>";
		};
/* End PBXGroup section */

/* Begin PBXNativeTarget section */
		97961ED428B6EA1C00F1E6E8 /* Books */ = {
			isa = PBXNativeTarget;
			buildConfigurationList = 97961EE928B6EA2100F1E6E8 /* Build configuration list for PBXNativeTarget "Books" */;
			buildPhases = (
				97961ED128B6EA1C00F1E6E8 /* Sources */,
				97961ED228B6EA1C00F1E6E8 /* Frameworks */,
				97961ED328B6EA1C00F1E6E8 /* Resources */,
			);
			buildRules = (
			);
			dependencies = (
			);
			name = Books;
			packageProductDependencies = (
				97A7FD0028B8083C00C7E487 /* TextFieldEffects */,
			);
			productName = Books;
			productReference = 97961ED528B6EA1C00F1E6E8 /* Books.app */;
			productType = "com.apple.product-type.application";
		};
/* End PBXNativeTarget section */

/* Begin PBXProject section */
		97961ECD28B6EA1C00F1E6E8 /* Project object */ = {
			isa = PBXProject;
			attributes = {
				BuildIndependentTargetsInParallel = 1;
				LastSwiftUpdateCheck = 1340;
				LastUpgradeCheck = 1340;
				TargetAttributes = {
					97961ED428B6EA1C00F1E6E8 = {
						CreatedOnToolsVersion = 13.4.1;
					};
				};
			};
			buildConfigurationList = 97961ED028B6EA1C00F1E6E8 /* Build configuration list for PBXProject "Books" */;
			compatibilityVersion = "Xcode 13.0";
			developmentRegion = en;
			hasScannedForEncodings = 0;
			knownRegions = (
				en,
				Base,
			);
			mainGroup = 97961ECC28B6EA1C00F1E6E8;
			packageReferences = (
				97A7FCFF28B8083C00C7E487 /* XCRemoteSwiftPackageReference "TextFieldEffects" */,
			);
			productRefGroup = 97961ED628B6EA1C00F1E6E8 /* Products */;
			projectDirPath = "";
			projectRoot = "";
			targets = (
				97961ED428B6EA1C00F1E6E8 /* Books */,
			);
		};
/* End PBXProject section */

/* Begin PBXResourcesBuildPhase section */
		97961ED328B6EA1C00F1E6E8 /* Resources */ = {
			isa = PBXResourcesBuildPhase;
			buildActionMask = 2147483647;
			files = (
				97961EE528B6EA2000F1E6E8 /* LaunchScreen.storyboard in Resources */,
				97961EE228B6EA2000F1E6E8 /* Assets.xcassets in Resources */,
				97961EE028B6EA1C00F1E6E8 /* Main.storyboard in Resources */,
			);
			runOnlyForDeploymentPostprocessing = 0;
		};
/* End PBXResourcesBuildPhase section */

/* Begin PBXSourcesBuildPhase section */
		97961ED128B6EA1C00F1E6E8 /* Sources */ = {
			isa = PBXSourcesBuildPhase;
			buildActionMask = 2147483647;
			files = (
				97A7FCB828B7525200C7E487 /* book.swift in Sources */,
				97961EDD28B6EA1C00F1E6E8 /* ViewController.swift in Sources */,
				97A7FCFE28B7FED500C7E487 /* imgViewController.swift in Sources */,
				97961EED28B6F61500F1E6E8 /* tableViewCell.swift in Sources */,
				97961ED928B6EA1C00F1E6E8 /* AppDelegate.swift in Sources */,
				97961EDB28B6EA1C00F1E6E8 /* SceneDelegate.swift in Sources */,
				97A7FD0328B8366800C7E487 /* compare.swift in Sources */,
			);
			runOnlyForDeploymentPostprocessing = 0;
		};
/* End PBXSourcesBuildPhase section */

/* Begin PBXVariantGroup section */
		97961EDE28B6EA1C00F1E6E8 /* Main.storyboard */ = {
			isa = PBXVariantGroup;
			children = (
				97961EDF28B6EA1C00F1E6E8 /* Base */,
			);
			name = Main.storyboard;
			sourceTree = "<group>";
		};
		97961EE328B6EA2000F1E6E8 /* LaunchScreen.storyboard */ = {
			isa = PBXVariantGroup;
			children = (
				97961EE428B6EA2000F1E6E8 /* Base */,
			);
			name = LaunchScreen.storyboard;
			sourceTree = "<group>";
		};
/* End PBXVariantGroup section */

/* Begin XCBuildConfiguration section */
		97961EE728B6EA2100F1E6E8 /* Debug */ = {
			isa = XCBuildConfiguration;
			buildSettings = {
				ALWAYS_SEARCH_USER_PATHS = NO;
				CLANG_ANALYZER_NONNULL = YES;
				CLANG_ANALYZER_NUMBER_OBJECT_CONVERSION = YES_AGGRESSIVE;
				CLANG_CXX_LANGUAGE_STANDARD = "gnu++17";
				CLANG_ENABLE_MODULES = YES;
				CLANG_ENABLE_OBJC_ARC = YES;
				CLANG_ENABLE_OBJC_WEAK = YES;
				CLANG_WARN_BLOCK_CAPTURE_AUTORELEASING = YES;
				CLANG_WARN_BOOL_CONVERSION = YES;
				CLANG_WARN_COMMA = YES;
				CLANG_WARN_CONSTANT_CONVERSION = YES;
				CLANG_WARN_DEPRECATED_OBJC_IMPLEMENTATIONS = YES;
				CLANG_WARN_DIRECT_OBJC_ISA_USAGE = YES_ERROR;
				CLANG_WARN_DOCUMENTATION_COMMENTS = YES;
				CLANG_WARN_EMPTY_BODY = YES;
				CLANG_WARN_ENUM_CONVERSION = YES;
				CLANG_WARN_INFINITE_RECURSION = YES;
				CLANG_WARN_INT_CONVERSION = YES;
				CLANG_WARN_NON_LITERAL_NULL_CONVERSION = YES;
				CLANG_WARN_OBJC_IMPLICIT_RETAIN_SELF = YES;
				CLANG_WARN_OBJC_LITERAL_CONVERSION = YES;
				CLANG_WARN_OBJC_ROOT_CLASS = YES_ERROR;
				CLANG_WARN_QUOTED_INCLUDE_IN_FRAMEWORK_HEADER = YES;
				CLANG_WARN_RANGE_LOOP_ANALYSIS = YES;
				CLANG_WARN_STRICT_PROTOTYPES = YES;
				CLANG_WARN_SUSPICIOUS_MOVE = YES;
				CLANG_WARN_UNGUARDED_AVAILABILITY = YES_AGGRESSIVE;
				CLANG_WARN_UNREACHABLE_CODE = YES;
				CLANG_WARN__DUPLICATE_METHOD_MATCH = YES;
				COPY_PHASE_STRIP = NO;
				DEBUG_INFORMATION_FORMAT = dwarf;
				ENABLE_STRICT_OBJC_MSGSEND = YES;
				ENABLE_TESTABILITY = YES;
				GCC_C_LANGUAGE_STANDARD = gnu11;
				GCC_DYNAMIC_NO_PIC = NO;
				GCC_NO_COMMON_BLOCKS = YES;
				GCC_OPTIMIZATION_LEVEL = 0;
				GCC_PREPROCESSOR_DEFINITIONS = (
					"DEBUG=1",
					"$(inherited)",
				);
				GCC_WARN_64_TO_32_BIT_CONVERSION = YES;
				GCC_WARN_ABOUT_RETURN_TYPE = YES_ERROR;
				GCC_WARN_UNDECLARED_SELECTOR = YES;
				GCC_WARN_UNINITIALIZED_AUTOS = YES_AGGRESSIVE;
				GCC_WARN_UNUSED_FUNCTION = YES;
				GCC_WARN_UNUSED_VARIABLE = YES;
				IPHONEOS_DEPLOYMENT_TARGET = 15.5;
				MTL_ENABLE_DEBUG_INFO = INCLUDE_SOURCE;
				MTL_FAST_MATH = YES;
				ONLY_ACTIVE_ARCH = YES;
				SDKROOT = iphoneos;
				SWIFT_ACTIVE_COMPILATION_CONDITIONS = DEBUG;
				SWIFT_OPTIMIZATION_LEVEL = "-Onone";
			};
			name = Debug;
		};
		97961EE828B6EA2100F1E6E8 /* Release */ = {
			isa = XCBuildConfiguration;
			buildSettings = {
				ALWAYS_SEARCH_USER_PATHS = NO;
				CLANG_ANALYZER_NONNULL = YES;
				CLANG_ANALYZER_NUMBER_OBJECT_CONVERSION = YES_AGGRESSIVE;
				CLANG_CXX_LANGUAGE_STANDARD = "gnu++17";
				CLANG_ENABLE_MODULES = YES;
				CLANG_ENABLE_OBJC_ARC = YES;
				CLANG_ENABLE_OBJC_WEAK = YES;
				CLANG_WARN_BLOCK_CAPTURE_AUTORELEASING = YES;
				CLANG_WARN_BOOL_CONVERSION = YES;
				CLANG_WARN_COMMA = YES;
				CLANG_WARN_CONSTANT_CONVERSION = YES;
				CLANG_WARN_DEPRECATED_OBJC_IMPLEMENTATIONS = YES;
				CLANG_WARN_DIRECT_OBJC_ISA_USAGE = YES_ERROR;
				CLANG_WARN_DOCUMENTATION_COMMENTS = YES;
				CLANG_WARN_EMPTY_BODY = YES;
				CLANG_WARN_ENUM_CONVERSION = YES;
				CLANG_WARN_INFINITE_RECURSION = YES;
				CLANG_WARN_INT_CONVERSION = YES;
				CLANG_WARN_NON_LITERAL_NULL_CONVERSION = YES;
				CLANG_WARN_OBJC_IMPLICIT_RETAIN_SELF = YES;
				CLANG_WARN_OBJC_LITERAL_CONVERSION = YES;
				CLANG_WARN_OBJC_ROOT_CLASS = YES_ERROR;
				CLANG_WARN_QUOTED_INCLUDE_IN_FRAMEWORK_HEADER = YES;
				CLANG_WARN_RANGE_LOOP_ANALYSIS = YES;
				CLANG_WARN_STRICT_PROTOTYPES = YES;
				CLANG_WARN_SUSPICIOUS_MOVE = YES;
				CLANG_WARN_UNGUARDED_AVAILABILITY = YES_AGGRESSIVE;
				CLANG_WARN_UNREACHABLE_CODE = YES;
				CLANG_WARN__DUPLICATE_METHOD_MATCH = YES;
				COPY_PHASE_STRIP = NO;
				DEBUG_INFORMATION_FORMAT = "dwarf-with-dsym";
				ENABLE_NS_ASSERTIONS = NO;
				ENABLE_STRICT_OBJC_MSGSEND = YES;
				GCC_C_LANGUAGE_STANDARD = gnu11;
				GCC_NO_COMMON_BLOCKS = YES;
				GCC_WARN_64_TO_32_BIT_CONVERSION = YES;
				GCC_WARN_ABOUT_RETURN_TYPE = YES_ERROR;
				GCC_WARN_UNDECLARED_SELECTOR = YES;
				GCC_WARN_UNINITIALIZED_AUTOS = YES_AGGRESSIVE;
				GCC_WARN_UNUSED_FUNCTION = YES;
				GCC_WARN_UNUSED_VARIABLE = YES;
				IPHONEOS_DEPLOYMENT_TARGET = 15.5;
				MTL_ENABLE_DEBUG_INFO = NO;
				MTL_FAST_MATH = YES;
				SDKROOT = iphoneos;
				SWIFT_COMPILATION_MODE = wholemodule;
				SWIFT_OPTIMIZATION_LEVEL = "-O";
				VALIDATE_PRODUCT = YES;
			};
			name = Release;
		};
		97961EEA28B6EA2100F1E6E8 /* Debug */ = {
			isa = XCBuildConfiguration;
			buildSettings = {
				ASSETCATALOG_COMPILER_APPICON_NAME = AppIcon;
				ASSETCATALOG_COMPILER_GLOBAL_ACCENT_COLOR_NAME = AccentColor;
				CODE_SIGN_STYLE = Automatic;
				CURRENT_PROJECT_VERSION = 1;
				GENERATE_INFOPLIST_FILE = YES;
				INFOPLIST_FILE = Books/Info.plist;
				INFOPLIST_KEY_UIApplicationSupportsIndirectInputEvents = YES;
				INFOPLIST_KEY_UILaunchStoryboardName = LaunchScreen;
				INFOPLIST_KEY_UIMainStoryboardFile = Main;
				INFOPLIST_KEY_UISupportedInterfaceOrientations_iPad = "UIInterfaceOrientationPortrait UIInterfaceOrientationPortraitUpsideDown UIInterfaceOrientationLandscapeLeft UIInterfaceOrientationLandscapeRight";
				INFOPLIST_KEY_UISupportedInterfaceOrientations_iPhone = "UIInterfaceOrientationPortrait UIInterfaceOrientationLandscapeLeft UIInterfaceOrientationLandscapeRight";
				LD_RUNPATH_SEARCH_PATHS = (
					"$(inherited)",
					"@executable_path/Frameworks",
				);
				MARKETING_VERSION = 1.0;
				PRODUCT_BUNDLE_IDENTIFIER = "-.Books";
				PRODUCT_NAME = "$(TARGET_NAME)";
				SWIFT_EMIT_LOC_STRINGS = YES;
				SWIFT_VERSION = 5.0;
				TARGETED_DEVICE_FAMILY = "1,2";
			};
			name = Debug;
		};
		97961EEB28B6EA2100F1E6E8 /* Release */ = {
			isa = XCBuildConfiguration;
			buildSettings = {
				ASSETCATALOG_COMPILER_APPICON_NAME = AppIcon;
				ASSETCATALOG_COMPILER_GLOBAL_ACCENT_COLOR_NAME = AccentColor;
				CODE_SIGN_STYLE = Automatic;
				CURRENT_PROJECT_VERSION = 1;
				GENERATE_INFOPLIST_FILE = YES;
				INFOPLIST_FILE = Books/Info.plist;
				INFOPLIST_KEY_UIApplicationSupportsIndirectInputEvents = YES;
				INFOPLIST_KEY_UILaunchStoryboardName = LaunchScreen;
				INFOPLIST_KEY_UIMainStoryboardFile = Main;
				INFOPLIST_KEY_UISupportedInterfaceOrientations_iPad = "UIInterfaceOrientationPortrait UIInterfaceOrientationPortraitUpsideDown UIInterfaceOrientationLandscapeLeft UIInterfaceOrientationLandscapeRight";
				INFOPLIST_KEY_UISupportedInterfaceOrientations_iPhone = "UIInterfaceOrientationPortrait UIInterfaceOrientationLandscapeLeft UIInterfaceOrientationLandscapeRight";
				LD_RUNPATH_SEARCH_PATHS = (
					"$(inherited)",
					"@executable_path/Frameworks",
				);
				MARKETING_VERSION = 1.0;
				PRODUCT_BUNDLE_IDENTIFIER = "-.Books";
				PRODUCT_NAME = "$(TARGET_NAME)";
				SWIFT_EMIT_LOC_STRINGS = YES;
				SWIFT_VERSION = 5.0;
				TARGETED_DEVICE_FAMILY = "1,2";
			};
			name = Release;
		};
/* End XCBuildConfiguration section */

/* Begin XCConfigurationList section */
		97961ED028B6EA1C00F1E6E8 /* Build configuration list for PBXProject "Books" */ = {
			isa = XCConfigurationList;
			buildConfigurations = (
				97961EE728B6EA2100F1E6E8 /* Debug */,
				97961EE828B6EA2100F1E6E8 /* Release */,
			);
			defaultConfigurationIsVisible = 0;
			defaultConfigurationName = Release;
		};
		97961EE928B6EA2100F1E6E8 /* Build configuration list for PBXNativeTarget "Books" */ = {
			isa = XCConfigurationList;
			buildConfigurations = (
				97961EEA28B6EA2100F1E6E8 /* Debug */,
				97961EEB28B6EA2100F1E6E8 /* Release */,
			);
			defaultConfigurationIsVisible = 0;
			defaultConfigurationName = Release;
		};
/* End XCConfigurationList section */

/* Begin XCRemoteSwiftPackageReference section */
		97A7FCFF28B8083C00C7E487 /* XCRemoteSwiftPackageReference "TextFieldEffects" */ = {
			isa = XCRemoteSwiftPackageReference;
			repositoryURL = "https://github.com/raulriera/TextFieldEffects.git";
			requirement = {
				branch = master;
				kind = branch;
			};
		};
/* End XCRemoteSwiftPackageReference section */

/* Begin XCSwiftPackageProductDependency section */
		97A7FD0028B8083C00C7E487 /* TextFieldEffects */ = {
			isa = XCSwiftPackageProductDependency;
			package = 97A7FCFF28B8083C00C7E487 /* XCRemoteSwiftPackageReference "TextFieldEffects" */;
			productName = TextFieldEffects;
		};
/* End XCSwiftPackageProductDependency section */
	};
	rootObject = 97961ECD28B6EA1C00F1E6E8 /* Project object */;
}
