// !$*UTF8*$!
{
	archiveVersion = 1;
	classes = {
	};
	objectVersion = 55;
	objects = {

/* Begin PBXBuildFile section */
		E40B658128B9044300530011 /* AppDelegate.swift in Sources */ = {isa = PBXBuildFile; fileRef = E40B658028B9044300530011 /* AppDelegate.swift */; };
		E40B658328B9044300530011 /* SceneDelegate.swift in Sources */ = {isa = PBXBuildFile; fileRef = E40B658228B9044300530011 /* SceneDelegate.swift */; };
		E40B658528B9044300530011 /* ViewController.swift in Sources */ = {isa = PBXBuildFile; fileRef = E40B658428B9044300530011 /* ViewController.swift */; };
		E40B658828B9044300530011 /* Main.storyboard in Resources */ = {isa = PBXBuildFile; fileRef = E40B658628B9044300530011 /* Main.storyboard */; };
		E40B658A28B9044500530011 /* Assets.xcassets in Resources */ = {isa = PBXBuildFile; fileRef = E40B658928B9044500530011 /* Assets.xcassets */; };
		E40B658D28B9044500530011 /* LaunchScreen.storyboard in Resources */ = {isa = PBXBuildFile; fileRef = E40B658B28B9044500530011 /* LaunchScreen.storyboard */; };
		E40B659828B90EE300530011 /* BooksViewController.swift in Sources */ = {isa = PBXBuildFile; fileRef = E40B659728B90EE300530011 /* BooksViewController.swift */; };
		E40B659A28B90EF300530011 /* Books.swift in Sources */ = {isa = PBXBuildFile; fileRef = E40B659928B90EF300530011 /* Books.swift */; };
		E40B659D28B93BC100530011 /* BookTableViewCell.swift in Sources */ = {isa = PBXBuildFile; fileRef = E40B659B28B93BC100530011 /* BookTableViewCell.swift */; };
		E40B659E28B93BC100530011 /* BookTableViewCell.xib in Resources */ = {isa = PBXBuildFile; fileRef = E40B659C28B93BC100530011 /* BookTableViewCell.xib */; };
		E40B65A028B9596400530011 /* DetalisViewController.swift in Sources */ = {isa = PBXBuildFile; fileRef = E40B659F28B9596400530011 /* DetalisViewController.swift */; };
		E40B65A228B959A500530011 /* Author.swift in Sources */ = {isa = PBXBuildFile; fileRef = E40B65A128B959A500530011 /* Author.swift */; };
/* End PBXBuildFile section */

/* Begin PBXFileReference section */
		E40B657D28B9044300530011 /* BooksStore.app */ = {isa = PBXFileReference; explicitFileType = wrapper.application; includeInIndex = 0; path = BooksStore.app; sourceTree = BUILT_PRODUCTS_DIR; };
		E40B658028B9044300530011 /* AppDelegate.swift */ = {isa = PBXFileReference; lastKnownFileType = sourcecode.swift; path = AppDelegate.swift; sourceTree = "<group>"; };
		E40B658228B9044300530011 /* SceneDelegate.swift */ = {isa = PBXFileReference; lastKnownFileType = sourcecode.swift; path = SceneDelegate.swift; sourceTree = "<group>"; };
		E40B658428B9044300530011 /* ViewController.swift */ = {isa = PBXFileReference; lastKnownFileType = sourcecode.swift; path = ViewController.swift; sourceTree = "<group>"; };
		E40B658728B9044300530011 /* Base */ = {isa = PBXFileReference; lastKnownFileType = file.storyboard; name = Base; path = Base.lproj/Main.storyboard; sourceTree = "<group>"; };
		E40B658928B9044500530011 /* Assets.xcassets */ = {isa = PBXFileReference; lastKnownFileType = folder.assetcatalog; path = Assets.xcassets; sourceTree = "<group>"; };
		E40B658C28B9044500530011 /* Base */ = {isa = PBXFileReference; lastKnownFileType = file.storyboard; name = Base; path = Base.lproj/LaunchScreen.storyboard; sourceTree = "<group>"; };
		E40B658E28B9044500530011 /* Info.plist */ = {isa = PBXFileReference; lastKnownFileType = text.plist.xml; path = Info.plist; sourceTree = "<group>"; };
		E40B659728B90EE300530011 /* BooksViewController.swift */ = {isa = PBXFileReference; lastKnownFileType = sourcecode.swift; path = BooksViewController.swift; sourceTree = "<group>"; };
		E40B659928B90EF300530011 /* Books.swift */ = {isa = PBXFileReference; lastKnownFileType = sourcecode.swift; path = Books.swift; sourceTree = "<group>"; };
		E40B659B28B93BC100530011 /* BookTableViewCell.swift */ = {isa = PBXFileReference; lastKnownFileType = sourcecode.swift; path = BookTableViewCell.swift; sourceTree = "<group>"; };
		E40B659C28B93BC100530011 /* BookTableViewCell.xib */ = {isa = PBXFileReference; lastKnownFileType = file.xib; path = BookTableViewCell.xib; sourceTree = "<group>"; };
		E40B659F28B9596400530011 /* DetalisViewController.swift */ = {isa = PBXFileReference; lastKnownFileType = sourcecode.swift; path = DetalisViewController.swift; sourceTree = "<group>"; };
		E40B65A128B959A500530011 /* Author.swift */ = {isa = PBXFileReference; lastKnownFileType = sourcecode.swift; path = Author.swift; sourceTree = "<group>"; };
/* End PBXFileReference section */

/* Begin PBXFrameworksBuildPhase section */
		E40B657A28B9044300530011 /* Frameworks */ = {
			isa = PBXFrameworksBuildPhase;
			buildActionMask = 2147483647;
			files = (
			);
			runOnlyForDeploymentPostprocessing = 0;
		};
/* End PBXFrameworksBuildPhase section */

/* Begin PBXGroup section */
		E40B657428B9044300530011 = {
			isa = PBXGroup;
			children = (
				E40B657F28B9044300530011 /* BooksStore */,
				E40B657E28B9044300530011 /* Products */,
			);
			sourceTree = "<group>";
		};
		E40B657E28B9044300530011 /* Products */ = {
			isa = PBXGroup;
			children = (
				E40B657D28B9044300530011 /* BooksStore.app */,
			);
			name = Products;
			sourceTree = "<group>";
		};
		E40B657F28B9044300530011 /* BooksStore */ = {
			isa = PBXGroup;
			children = (
				E40B658E28B9044500530011 /* Info.plist */,
				E40B658928B9044500530011 /* Assets.xcassets */,
				E40B658028B9044300530011 /* AppDelegate.swift */,
				E40B658228B9044300530011 /* SceneDelegate.swift */,
				E40B659428B9045F00530011 /* Controller */,
				E40B659528B9046A00530011 /* View */,
				E40B659628B9048D00530011 /* Model */,
			);
			path = BooksStore;
			sourceTree = "<group>";
		};
		E40B659428B9045F00530011 /* Controller */ = {
			isa = PBXGroup;
			children = (
				E40B658428B9044300530011 /* ViewController.swift */,
				E40B659728B90EE300530011 /* BooksViewController.swift */,
				E40B659F28B9596400530011 /* DetalisViewController.swift */,
			);
			path = Controller;
			sourceTree = "<group>";
		};
		E40B659528B9046A00530011 /* View */ = {
			isa = PBXGroup;
			children = (
				E40B658628B9044300530011 /* Main.storyboard */,
				E40B659C28B93BC100530011 /* BookTableViewCell.xib */,
				E40B658B28B9044500530011 /* LaunchScreen.storyboard */,
				E40B659B28B93BC100530011 /* BookTableViewCell.swift */,
			);
			path = View;
			sourceTree = "<group>";
		};
		E40B659628B9048D00530011 /* Model */ = {
			isa = PBXGroup;
			children = (
				E40B659928B90EF300530011 /* Books.swift */,
				E40B65A128B959A500530011 /* Author.swift */,
			);
			path = Model;
			sourceTree = "<group>";
		};
/* End PBXGroup section */

/* Begin PBXNativeTarget section */
		E40B657C28B9044300530011 /* BooksStore */ = {
			isa = PBXNativeTarget;
			buildConfigurationList = E40B659128B9044500530011 /* Build configuration list for PBXNativeTarget "BooksStore" */;
			buildPhases = (
				E40B657928B9044300530011 /* Sources */,
				E40B657A28B9044300530011 /* Frameworks */,
				E40B657B28B9044300530011 /* Resources */,
			);
			buildRules = (
			);
			dependencies = (
			);
			name = BooksStore;
			packageProductDependencies = (
			);
			productName = BooksStore;
			productReference = E40B657D28B9044300530011 /* BooksStore.app */;
			productType = "com.apple.product-type.application";
		};
/* End PBXNativeTarget section */

/* Begin PBXProject section */
		E40B657528B9044300530011 /* Project object */ = {
			isa = PBXProject;
			attributes = {
				BuildIndependentTargetsInParallel = 1;
				LastSwiftUpdateCheck = 1340;
				LastUpgradeCheck = 1340;
				TargetAttributes = {
					E40B657C28B9044300530011 = {
						CreatedOnToolsVersion = 13.4.1;
					};
				};
			};
			buildConfigurationList = E40B657828B9044300530011 /* Build configuration list for PBXProject "BooksStore" */;
			compatibilityVersion = "Xcode 13.0";
			developmentRegion = en;
			hasScannedForEncodings = 0;
			knownRegions = (
				en,
				Base,
			);
			mainGroup = E40B657428B9044300530011;
			packageReferences = (
			);
			productRefGroup = E40B657E28B9044300530011 /* Products */;
			projectDirPath = "";
			projectRoot = "";
			targets = (
				E40B657C28B9044300530011 /* BooksStore */,
			);
		};
/* End PBXProject section */

/* Begin PBXResourcesBuildPhase section */
		E40B657B28B9044300530011 /* Resources */ = {
			isa = PBXResourcesBuildPhase;
			buildActionMask = 2147483647;
			files = (
				E40B659E28B93BC100530011 /* BookTableViewCell.xib in Resources */,
				E40B658D28B9044500530011 /* LaunchScreen.storyboard in Resources */,
				E40B658A28B9044500530011 /* Assets.xcassets in Resources */,
				E40B658828B9044300530011 /* Main.storyboard in Resources */,
			);
			runOnlyForDeploymentPostprocessing = 0;
		};
/* End PBXResourcesBuildPhase section */

/* Begin PBXSourcesBuildPhase section */
		E40B657928B9044300530011 /* Sources */ = {
			isa = PBXSourcesBuildPhase;
			buildActionMask = 2147483647;
			files = (
				E40B658528B9044300530011 /* ViewController.swift in Sources */,
				E40B659828B90EE300530011 /* BooksViewController.swift in Sources */,
				E40B65A228B959A500530011 /* Author.swift in Sources */,
				E40B658128B9044300530011 /* AppDelegate.swift in Sources */,
				E40B658328B9044300530011 /* SceneDelegate.swift in Sources */,
				E40B659D28B93BC100530011 /* BookTableViewCell.swift in Sources */,
				E40B659A28B90EF300530011 /* Books.swift in Sources */,
				E40B65A028B9596400530011 /* DetalisViewController.swift in Sources */,
			);
			runOnlyForDeploymentPostprocessing = 0;
		};
/* End PBXSourcesBuildPhase section */

/* Begin PBXVariantGroup section */
		E40B658628B9044300530011 /* Main.storyboard */ = {
			isa = PBXVariantGroup;
			children = (
				E40B658728B9044300530011 /* Base */,
			);
			name = Main.storyboard;
			sourceTree = "<group>";
		};
		E40B658B28B9044500530011 /* LaunchScreen.storyboard */ = {
			isa = PBXVariantGroup;
			children = (
				E40B658C28B9044500530011 /* Base */,
			);
			name = LaunchScreen.storyboard;
			sourceTree = "<group>";
		};
/* End PBXVariantGroup section */

/* Begin XCBuildConfiguration section */
		E40B658F28B9044500530011 /* Debug */ = {
			isa = XCBuildConfiguration;
			buildSettings = {
				ALWAYS_SEARCH_USER_PATHS = NO;
				CLANG_ANALYZER_NONNULL = YES;
				CLANG_ANALYZER_NUMBER_OBJECT_CONVERSION = YES_AGGRESSIVE;
				CLANG_CXX_LANGUAGE_STANDARD = "gnu++17";
				CLANG_ENABLE_MODULES = YES;
				CLANG_ENABLE_OBJC_ARC = YES;
				CLANG_ENABLE_OBJC_WEAK = YES;
				CLANG_WARN_BLOCK_CAPTURE_AUTORELEASING = YES;
				CLANG_WARN_BOOL_CONVERSION = YES;
				CLANG_WARN_COMMA = YES;
				CLANG_WARN_CONSTANT_CONVERSION = YES;
				CLANG_WARN_DEPRECATED_OBJC_IMPLEMENTATIONS = YES;
				CLANG_WARN_DIRECT_OBJC_ISA_USAGE = YES_ERROR;
				CLANG_WARN_DOCUMENTATION_COMMENTS = YES;
				CLANG_WARN_EMPTY_BODY = YES;
				CLANG_WARN_ENUM_CONVERSION = YES;
				CLANG_WARN_INFINITE_RECURSION = YES;
				CLANG_WARN_INT_CONVERSION = YES;
				CLANG_WARN_NON_LITERAL_NULL_CONVERSION = YES;
				CLANG_WARN_OBJC_IMPLICIT_RETAIN_SELF = YES;
				CLANG_WARN_OBJC_LITERAL_CONVERSION = YES;
				CLANG_WARN_OBJC_ROOT_CLASS = YES_ERROR;
				CLANG_WARN_QUOTED_INCLUDE_IN_FRAMEWORK_HEADER = YES;
				CLANG_WARN_RANGE_LOOP_ANALYSIS = YES;
				CLANG_WARN_STRICT_PROTOTYPES = YES;
				CLANG_WARN_SUSPICIOUS_MOVE = YES;
				CLANG_WARN_UNGUARDED_AVAILABILITY = YES_AGGRESSIVE;
				CLANG_WARN_UNREACHABLE_CODE = YES;
				CLANG_WARN__DUPLICATE_METHOD_MATCH = YES;
				COPY_PHASE_STRIP = NO;
				DEBUG_INFORMATION_FORMAT = dwarf;
				ENABLE_STRICT_OBJC_MSGSEND = YES;
				ENABLE_TESTABILITY = YES;
				GCC_C_LANGUAGE_STANDARD = gnu11;
				GCC_DYNAMIC_NO_PIC = NO;
				GCC_NO_COMMON_BLOCKS = YES;
				GCC_OPTIMIZATION_LEVEL = 0;
				GCC_PREPROCESSOR_DEFINITIONS = (
					"DEBUG=1",
					"$(inherited)",
				);
				GCC_WARN_64_TO_32_BIT_CONVERSION = YES;
				GCC_WARN_ABOUT_RETURN_TYPE = YES_ERROR;
				GCC_WARN_UNDECLARED_SELECTOR = YES;
				GCC_WARN_UNINITIALIZED_AUTOS = YES_AGGRESSIVE;
				GCC_WARN_UNUSED_FUNCTION = YES;
				GCC_WARN_UNUSED_VARIABLE = YES;
				IPHONEOS_DEPLOYMENT_TARGET = 15.5;
				MTL_ENABLE_DEBUG_INFO = INCLUDE_SOURCE;
				MTL_FAST_MATH = YES;
				ONLY_ACTIVE_ARCH = YES;
				SDKROOT = iphoneos;
				SWIFT_ACTIVE_COMPILATION_CONDITIONS = DEBUG;
				SWIFT_OPTIMIZATION_LEVEL = "-Onone";
			};
			name = Debug;
		};
		E40B659028B9044500530011 /* Release */ = {
			isa = XCBuildConfiguration;
			buildSettings = {
				ALWAYS_SEARCH_USER_PATHS = NO;
				CLANG_ANALYZER_NONNULL = YES;
				CLANG_ANALYZER_NUMBER_OBJECT_CONVERSION = YES_AGGRESSIVE;
				CLANG_CXX_LANGUAGE_STANDARD = "gnu++17";
				CLANG_ENABLE_MODULES = YES;
				CLANG_ENABLE_OBJC_ARC = YES;
				CLANG_ENABLE_OBJC_WEAK = YES;
				CLANG_WARN_BLOCK_CAPTURE_AUTORELEASING = YES;
				CLANG_WARN_BOOL_CONVERSION = YES;
				CLANG_WARN_COMMA = YES;
				CLANG_WARN_CONSTANT_CONVERSION = YES;
				CLANG_WARN_DEPRECATED_OBJC_IMPLEMENTATIONS = YES;
				CLANG_WARN_DIRECT_OBJC_ISA_USAGE = YES_ERROR;
				CLANG_WARN_DOCUMENTATION_COMMENTS = YES;
				CLANG_WARN_EMPTY_BODY = YES;
				CLANG_WARN_ENUM_CONVERSION = YES;
				CLANG_WARN_INFINITE_RECURSION = YES;
				CLANG_WARN_INT_CONVERSION = YES;
				CLANG_WARN_NON_LITERAL_NULL_CONVERSION = YES;
				CLANG_WARN_OBJC_IMPLICIT_RETAIN_SELF = YES;
				CLANG_WARN_OBJC_LITERAL_CONVERSION = YES;
				CLANG_WARN_OBJC_ROOT_CLASS = YES_ERROR;
				CLANG_WARN_QUOTED_INCLUDE_IN_FRAMEWORK_HEADER = YES;
				CLANG_WARN_RANGE_LOOP_ANALYSIS = YES;
				CLANG_WARN_STRICT_PROTOTYPES = YES;
				CLANG_WARN_SUSPICIOUS_MOVE = YES;
				CLANG_WARN_UNGUARDED_AVAILABILITY = YES_AGGRESSIVE;
				CLANG_WARN_UNREACHABLE_CODE = YES;
				CLANG_WARN__DUPLICATE_METHOD_MATCH = YES;
				COPY_PHASE_STRIP = NO;
				DEBUG_INFORMATION_FORMAT = "dwarf-with-dsym";
				ENABLE_NS_ASSERTIONS = NO;
				ENABLE_STRICT_OBJC_MSGSEND = YES;
				GCC_C_LANGUAGE_STANDARD = gnu11;
				GCC_NO_COMMON_BLOCKS = YES;
				GCC_WARN_64_TO_32_BIT_CONVERSION = YES;
				GCC_WARN_ABOUT_RETURN_TYPE = YES_ERROR;
				GCC_WARN_UNDECLARED_SELECTOR = YES;
				GCC_WARN_UNINITIALIZED_AUTOS = YES_AGGRESSIVE;
				GCC_WARN_UNUSED_FUNCTION = YES;
				GCC_WARN_UNUSED_VARIABLE = YES;
				IPHONEOS_DEPLOYMENT_TARGET = 15.5;
				MTL_ENABLE_DEBUG_INFO = NO;
				MTL_FAST_MATH = YES;
				SDKROOT = iphoneos;
				SWIFT_COMPILATION_MODE = wholemodule;
				SWIFT_OPTIMIZATION_LEVEL = "-O";
				VALIDATE_PRODUCT = YES;
			};
			name = Release;
		};
		E40B659228B9044500530011 /* Debug */ = {
			isa = XCBuildConfiguration;
			buildSettings = {
				ASSETCATALOG_COMPILER_APPICON_NAME = AppIcon;
				ASSETCATALOG_COMPILER_GLOBAL_ACCENT_COLOR_NAME = AccentColor;
				CODE_SIGN_STYLE = Automatic;
				CURRENT_PROJECT_VERSION = 1;
				GENERATE_INFOPLIST_FILE = YES;
				INFOPLIST_FILE = BooksStore/Info.plist;
				INFOPLIST_KEY_NSMainNibFile = Main;
				INFOPLIST_KEY_UIApplicationSupportsIndirectInputEvents = YES;
				INFOPLIST_KEY_UILaunchStoryboardName = LaunchScreen;
				INFOPLIST_KEY_UISupportedInterfaceOrientations_iPad = "UIInterfaceOrientationPortrait UIInterfaceOrientationPortraitUpsideDown UIInterfaceOrientationLandscapeLeft UIInterfaceOrientationLandscapeRight";
				INFOPLIST_KEY_UISupportedInterfaceOrientations_iPhone = "UIInterfaceOrientationPortrait UIInterfaceOrientationLandscapeLeft UIInterfaceOrientationLandscapeRight";
				LD_RUNPATH_SEARCH_PATHS = (
					"$(inherited)",
					"@executable_path/Frameworks",
				);
				MARKETING_VERSION = 1.0;
				PRODUCT_BUNDLE_IDENTIFIER = Reof.BooksStore;
				PRODUCT_NAME = "$(TARGET_NAME)";
				SWIFT_EMIT_LOC_STRINGS = YES;
				SWIFT_VERSION = 5.0;
				TARGETED_DEVICE_FAMILY = "1,2";
			};
			name = Debug;
		};
		E40B659328B9044500530011 /* Release */ = {
			isa = XCBuildConfiguration;
			buildSettings = {
				ASSETCATALOG_COMPILER_APPICON_NAME = AppIcon;
				ASSETCATALOG_COMPILER_GLOBAL_ACCENT_COLOR_NAME = AccentColor;
				CODE_SIGN_STYLE = Automatic;
				CURRENT_PROJECT_VERSION = 1;
				GENERATE_INFOPLIST_FILE = YES;
				INFOPLIST_FILE = BooksStore/Info.plist;
				INFOPLIST_KEY_NSMainNibFile = Main;
				INFOPLIST_KEY_UIApplicationSupportsIndirectInputEvents = YES;
				INFOPLIST_KEY_UILaunchStoryboardName = LaunchScreen;
				INFOPLIST_KEY_UISupportedInterfaceOrientations_iPad = "UIInterfaceOrientationPortrait UIInterfaceOrientationPortraitUpsideDown UIInterfaceOrientationLandscapeLeft UIInterfaceOrientationLandscapeRight";
				INFOPLIST_KEY_UISupportedInterfaceOrientations_iPhone = "UIInterfaceOrientationPortrait UIInterfaceOrientationLandscapeLeft UIInterfaceOrientationLandscapeRight";
				LD_RUNPATH_SEARCH_PATHS = (
					"$(inherited)",
					"@executable_path/Frameworks",
				);
				MARKETING_VERSION = 1.0;
				PRODUCT_BUNDLE_IDENTIFIER = Reof.BooksStore;
				PRODUCT_NAME = "$(TARGET_NAME)";
				SWIFT_EMIT_LOC_STRINGS = YES;
				SWIFT_VERSION = 5.0;
				TARGETED_DEVICE_FAMILY = "1,2";
			};
			name = Release;
		};
/* End XCBuildConfiguration section */

/* Begin XCConfigurationList section */
		E40B657828B9044300530011 /* Build configuration list for PBXProject "BooksStore" */ = {
			isa = XCConfigurationList;
			buildConfigurations = (
				E40B658F28B9044500530011 /* Debug */,
				E40B659028B9044500530011 /* Release */,
			);
			defaultConfigurationIsVisible = 0;
			defaultConfigurationName = Release;
		};
		E40B659128B9044500530011 /* Build configuration list for PBXNativeTarget "BooksStore" */ = {
			isa = XCConfigurationList;
			buildConfigurations = (
				E40B659228B9044500530011 /* Debug */,
				E40B659328B9044500530011 /* Release */,
			);
			defaultConfigurationIsVisible = 0;
			defaultConfigurationName = Release;
		};
/* End XCConfigurationList section */
	};
	rootObject = E40B657528B9044300530011 /* Project object */;
}
