// !$*UTF8*$!
{
	archiveVersion = 1;
	classes = {
	};
	objectVersion = 55;
	objects = {

/* Begin PBXBuildFile section */
		01004C4528B81C0300191059 /* AppDelegate.swift in Sources */ = {isa = PBXBuildFile; fileRef = 01004C4428B81C0300191059 /* AppDelegate.swift */; };
		01004C4728B81C0300191059 /* SceneDelegate.swift in Sources */ = {isa = PBXBuildFile; fileRef = 01004C4628B81C0300191059 /* SceneDelegate.swift */; };
		01004C4928B81C0300191059 /* ViewController.swift in Sources */ = {isa = PBXBuildFile; fileRef = 01004C4828B81C0300191059 /* ViewController.swift */; };
		01004C4C28B81C0300191059 /* Main.storyboard in Resources */ = {isa = PBXBuildFile; fileRef = 01004C4A28B81C0300191059 /* Main.storyboard */; };
		01004C4E28B81C0300191059 /* Assets.xcassets in Resources */ = {isa = PBXBuildFile; fileRef = 01004C4D28B81C0300191059 /* Assets.xcassets */; };
		01004C5128B81C0300191059 /* LaunchScreen.storyboard in Resources */ = {isa = PBXBuildFile; fileRef = 01004C4F28B81C0300191059 /* LaunchScreen.storyboard */; };
		01004C5C28B81DEE00191059 /* TableViewCell.swift in Sources */ = {isa = PBXBuildFile; fileRef = 01004C5A28B81DEE00191059 /* TableViewCell.swift */; };
		01004C5D28B81DEE00191059 /* TableViewCell.xib in Resources */ = {isa = PBXBuildFile; fileRef = 01004C5B28B81DEE00191059 /* TableViewCell.xib */; };
		01004C5F28B90BA800191059 /* secondViewController.swift in Sources */ = {isa = PBXBuildFile; fileRef = 01004C5E28B90BA800191059 /* secondViewController.swift */; };
/* End PBXBuildFile section */

/* Begin PBXFileReference section */
		01004C4128B81C0300191059 /* sortedBookStore.app */ = {isa = PBXFileReference; explicitFileType = wrapper.application; includeInIndex = 0; path = sortedBookStore.app; sourceTree = BUILT_PRODUCTS_DIR; };
		01004C4428B81C0300191059 /* AppDelegate.swift */ = {isa = PBXFileReference; lastKnownFileType = sourcecode.swift; path = AppDelegate.swift; sourceTree = "<group>"; };
		01004C4628B81C0300191059 /* SceneDelegate.swift */ = {isa = PBXFileReference; lastKnownFileType = sourcecode.swift; path = SceneDelegate.swift; sourceTree = "<group>"; };
		01004C4828B81C0300191059 /* ViewController.swift */ = {isa = PBXFileReference; lastKnownFileType = sourcecode.swift; path = ViewController.swift; sourceTree = "<group>"; };
		01004C4B28B81C0300191059 /* Base */ = {isa = PBXFileReference; lastKnownFileType = file.storyboard; name = Base; path = Base.lproj/Main.storyboard; sourceTree = "<group>"; };
		01004C4D28B81C0300191059 /* Assets.xcassets */ = {isa = PBXFileReference; lastKnownFileType = folder.assetcatalog; path = Assets.xcassets; sourceTree = "<group>"; };
		01004C5028B81C0300191059 /* Base */ = {isa = PBXFileReference; lastKnownFileType = file.storyboard; name = Base; path = Base.lproj/LaunchScreen.storyboard; sourceTree = "<group>"; };
		01004C5228B81C0300191059 /* Info.plist */ = {isa = PBXFileReference; lastKnownFileType = text.plist.xml; path = Info.plist; sourceTree = "<group>"; };
		01004C5A28B81DEE00191059 /* TableViewCell.swift */ = {isa = PBXFileReference; lastKnownFileType = sourcecode.swift; path = TableViewCell.swift; sourceTree = "<group>"; };
		01004C5B28B81DEE00191059 /* TableViewCell.xib */ = {isa = PBXFileReference; lastKnownFileType = file.xib; path = TableViewCell.xib; sourceTree = "<group>"; };
		01004C5E28B90BA800191059 /* secondViewController.swift */ = {isa = PBXFileReference; lastKnownFileType = sourcecode.swift; path = secondViewController.swift; sourceTree = "<group>"; };
/* End PBXFileReference section */

/* Begin PBXFrameworksBuildPhase section */
		01004C3E28B81C0300191059 /* Frameworks */ = {
			isa = PBXFrameworksBuildPhase;
			buildActionMask = 2147483647;
			files = (
			);
			runOnlyForDeploymentPostprocessing = 0;
		};
/* End PBXFrameworksBuildPhase section */

/* Begin PBXGroup section */
		01004C3828B81C0300191059 = {
			isa = PBXGroup;
			children = (
				01004C4328B81C0300191059 /* sortedBookStore */,
				01004C4228B81C0300191059 /* Products */,
			);
			sourceTree = "<group>";
		};
		01004C4228B81C0300191059 /* Products */ = {
			isa = PBXGroup;
			children = (
				01004C4128B81C0300191059 /* sortedBookStore.app */,
			);
			name = Products;
			sourceTree = "<group>";
		};
		01004C4328B81C0300191059 /* sortedBookStore */ = {
			isa = PBXGroup;
			children = (
				01004C4428B81C0300191059 /* AppDelegate.swift */,
				01004C4628B81C0300191059 /* SceneDelegate.swift */,
				01004C4828B81C0300191059 /* ViewController.swift */,
				01004C4A28B81C0300191059 /* Main.storyboard */,
				01004C5E28B90BA800191059 /* secondViewController.swift */,
				01004C5A28B81DEE00191059 /* TableViewCell.swift */,
				01004C5B28B81DEE00191059 /* TableViewCell.xib */,
				01004C4D28B81C0300191059 /* Assets.xcassets */,
				01004C4F28B81C0300191059 /* LaunchScreen.storyboard */,
				01004C5228B81C0300191059 /* Info.plist */,
			);
			path = sortedBookStore;
			sourceTree = "<group>";
		};
/* End PBXGroup section */

/* Begin PBXNativeTarget section */
		01004C4028B81C0300191059 /* sortedBookStore */ = {
			isa = PBXNativeTarget;
			buildConfigurationList = 01004C5528B81C0300191059 /* Build configuration list for PBXNativeTarget "sortedBookStore" */;
			buildPhases = (
				01004C3D28B81C0300191059 /* Sources */,
				01004C3E28B81C0300191059 /* Frameworks */,
				01004C3F28B81C0300191059 /* Resources */,
			);
			buildRules = (
			);
			dependencies = (
			);
			name = sortedBookStore;
			productName = sortedBookStore;
			productReference = 01004C4128B81C0300191059 /* sortedBookStore.app */;
			productType = "com.apple.product-type.application";
		};
/* End PBXNativeTarget section */

/* Begin PBXProject section */
		01004C3928B81C0300191059 /* Project object */ = {
			isa = PBXProject;
			attributes = {
				BuildIndependentTargetsInParallel = 1;
				LastSwiftUpdateCheck = 1340;
				LastUpgradeCheck = 1340;
				TargetAttributes = {
					01004C4028B81C0300191059 = {
						CreatedOnToolsVersion = 13.4.1;
					};
				};
			};
			buildConfigurationList = 01004C3C28B81C0300191059 /* Build configuration list for PBXProject "sortedBookStore" */;
			compatibilityVersion = "Xcode 13.0";
			developmentRegion = en;
			hasScannedForEncodings = 0;
			knownRegions = (
				en,
				Base,
			);
			mainGroup = 01004C3828B81C0300191059;
			productRefGroup = 01004C4228B81C0300191059 /* Products */;
			projectDirPath = "";
			projectRoot = "";
			targets = (
				01004C4028B81C0300191059 /* sortedBookStore */,
			);
		};
/* End PBXProject section */

/* Begin PBXResourcesBuildPhase section */
		01004C3F28B81C0300191059 /* Resources */ = {
			isa = PBXResourcesBuildPhase;
			buildActionMask = 2147483647;
			files = (
				01004C5128B81C0300191059 /* LaunchScreen.storyboard in Resources */,
				01004C5D28B81DEE00191059 /* TableViewCell.xib in Resources */,
				01004C4E28B81C0300191059 /* Assets.xcassets in Resources */,
				01004C4C28B81C0300191059 /* Main.storyboard in Resources */,
			);
			runOnlyForDeploymentPostprocessing = 0;
		};
/* End PBXResourcesBuildPhase section */

/* Begin PBXSourcesBuildPhase section */
		01004C3D28B81C0300191059 /* Sources */ = {
			isa = PBXSourcesBuildPhase;
			buildActionMask = 2147483647;
			files = (
				01004C5C28B81DEE00191059 /* TableViewCell.swift in Sources */,
				01004C4928B81C0300191059 /* ViewController.swift in Sources */,
				01004C4528B81C0300191059 /* AppDelegate.swift in Sources */,
				01004C5F28B90BA800191059 /* secondViewController.swift in Sources */,
				01004C4728B81C0300191059 /* SceneDelegate.swift in Sources */,
			);
			runOnlyForDeploymentPostprocessing = 0;
		};
/* End PBXSourcesBuildPhase section */

/* Begin PBXVariantGroup section */
		01004C4A28B81C0300191059 /* Main.storyboard */ = {
			isa = PBXVariantGroup;
			children = (
				01004C4B28B81C0300191059 /* Base */,
			);
			name = Main.storyboard;
			sourceTree = "<group>";
		};
		01004C4F28B81C0300191059 /* LaunchScreen.storyboard */ = {
			isa = PBXVariantGroup;
			children = (
				01004C5028B81C0300191059 /* Base */,
			);
			name = LaunchScreen.storyboard;
			sourceTree = "<group>";
		};
/* End PBXVariantGroup section */

/* Begin XCBuildConfiguration section */
		01004C5328B81C0300191059 /* Debug */ = {
			isa = XCBuildConfiguration;
			buildSettings = {
				ALWAYS_SEARCH_USER_PATHS = NO;
				CLANG_ANALYZER_NONNULL = YES;
				CLANG_ANALYZER_NUMBER_OBJECT_CONVERSION = YES_AGGRESSIVE;
				CLANG_CXX_LANGUAGE_STANDARD = "gnu++17";
				CLANG_ENABLE_MODULES = YES;
				CLANG_ENABLE_OBJC_ARC = YES;
				CLANG_ENABLE_OBJC_WEAK = YES;
				CLANG_WARN_BLOCK_CAPTURE_AUTORELEASING = YES;
				CLANG_WARN_BOOL_CONVERSION = YES;
				CLANG_WARN_COMMA = YES;
				CLANG_WARN_CONSTANT_CONVERSION = YES;
				CLANG_WARN_DEPRECATED_OBJC_IMPLEMENTATIONS = YES;
				CLANG_WARN_DIRECT_OBJC_ISA_USAGE = YES_ERROR;
				CLANG_WARN_DOCUMENTATION_COMMENTS = YES;
				CLANG_WARN_EMPTY_BODY = YES;
				CLANG_WARN_ENUM_CONVERSION = YES;
				CLANG_WARN_INFINITE_RECURSION = YES;
				CLANG_WARN_INT_CONVERSION = YES;
				CLANG_WARN_NON_LITERAL_NULL_CONVERSION = YES;
				CLANG_WARN_OBJC_IMPLICIT_RETAIN_SELF = YES;
				CLANG_WARN_OBJC_LITERAL_CONVERSION = YES;
				CLANG_WARN_OBJC_ROOT_CLASS = YES_ERROR;
				CLANG_WARN_QUOTED_INCLUDE_IN_FRAMEWORK_HEADER = YES;
				CLANG_WARN_RANGE_LOOP_ANALYSIS = YES;
				CLANG_WARN_STRICT_PROTOTYPES = YES;
				CLANG_WARN_SUSPICIOUS_MOVE = YES;
				CLANG_WARN_UNGUARDED_AVAILABILITY = YES_AGGRESSIVE;
				CLANG_WARN_UNREACHABLE_CODE = YES;
				CLANG_WARN__DUPLICATE_METHOD_MATCH = YES;
				COPY_PHASE_STRIP = NO;
				DEBUG_INFORMATION_FORMAT = dwarf;
				ENABLE_STRICT_OBJC_MSGSEND = YES;
				ENABLE_TESTABILITY = YES;
				GCC_C_LANGUAGE_STANDARD = gnu11;
				GCC_DYNAMIC_NO_PIC = NO;
				GCC_NO_COMMON_BLOCKS = YES;
				GCC_OPTIMIZATION_LEVEL = 0;
				GCC_PREPROCESSOR_DEFINITIONS = (
					"DEBUG=1",
					"$(inherited)",
				);
				GCC_WARN_64_TO_32_BIT_CONVERSION = YES;
				GCC_WARN_ABOUT_RETURN_TYPE = YES_ERROR;
				GCC_WARN_UNDECLARED_SELECTOR = YES;
				GCC_WARN_UNINITIALIZED_AUTOS = YES_AGGRESSIVE;
				GCC_WARN_UNUSED_FUNCTION = YES;
				GCC_WARN_UNUSED_VARIABLE = YES;
				IPHONEOS_DEPLOYMENT_TARGET = 15.5;
				MTL_ENABLE_DEBUG_INFO = INCLUDE_SOURCE;
				MTL_FAST_MATH = YES;
				ONLY_ACTIVE_ARCH = YES;
				SDKROOT = iphoneos;
				SWIFT_ACTIVE_COMPILATION_CONDITIONS = DEBUG;
				SWIFT_OPTIMIZATION_LEVEL = "-Onone";
			};
			name = Debug;
		};
		01004C5428B81C0300191059 /* Release */ = {
			isa = XCBuildConfiguration;
			buildSettings = {
				ALWAYS_SEARCH_USER_PATHS = NO;
				CLANG_ANALYZER_NONNULL = YES;
				CLANG_ANALYZER_NUMBER_OBJECT_CONVERSION = YES_AGGRESSIVE;
				CLANG_CXX_LANGUAGE_STANDARD = "gnu++17";
				CLANG_ENABLE_MODULES = YES;
				CLANG_ENABLE_OBJC_ARC = YES;
				CLANG_ENABLE_OBJC_WEAK = YES;
				CLANG_WARN_BLOCK_CAPTURE_AUTORELEASING = YES;
				CLANG_WARN_BOOL_CONVERSION = YES;
				CLANG_WARN_COMMA = YES;
				CLANG_WARN_CONSTANT_CONVERSION = YES;
				CLANG_WARN_DEPRECATED_OBJC_IMPLEMENTATIONS = YES;
				CLANG_WARN_DIRECT_OBJC_ISA_USAGE = YES_ERROR;
				CLANG_WARN_DOCUMENTATION_COMMENTS = YES;
				CLANG_WARN_EMPTY_BODY = YES;
				CLANG_WARN_ENUM_CONVERSION = YES;
				CLANG_WARN_INFINITE_RECURSION = YES;
				CLANG_WARN_INT_CONVERSION = YES;
				CLANG_WARN_NON_LITERAL_NULL_CONVERSION = YES;
				CLANG_WARN_OBJC_IMPLICIT_RETAIN_SELF = YES;
				CLANG_WARN_OBJC_LITERAL_CONVERSION = YES;
				CLANG_WARN_OBJC_ROOT_CLASS = YES_ERROR;
				CLANG_WARN_QUOTED_INCLUDE_IN_FRAMEWORK_HEADER = YES;
				CLANG_WARN_RANGE_LOOP_ANALYSIS = YES;
				CLANG_WARN_STRICT_PROTOTYPES = YES;
				CLANG_WARN_SUSPICIOUS_MOVE = YES;
				CLANG_WARN_UNGUARDED_AVAILABILITY = YES_AGGRESSIVE;
				CLANG_WARN_UNREACHABLE_CODE = YES;
				CLANG_WARN__DUPLICATE_METHOD_MATCH = YES;
				COPY_PHASE_STRIP = NO;
				DEBUG_INFORMATION_FORMAT = "dwarf-with-dsym";
				ENABLE_NS_ASSERTIONS = NO;
				ENABLE_STRICT_OBJC_MSGSEND = YES;
				GCC_C_LANGUAGE_STANDARD = gnu11;
				GCC_NO_COMMON_BLOCKS = YES;
				GCC_WARN_64_TO_32_BIT_CONVERSION = YES;
				GCC_WARN_ABOUT_RETURN_TYPE = YES_ERROR;
				GCC_WARN_UNDECLARED_SELECTOR = YES;
				GCC_WARN_UNINITIALIZED_AUTOS = YES_AGGRESSIVE;
				GCC_WARN_UNUSED_FUNCTION = YES;
				GCC_WARN_UNUSED_VARIABLE = YES;
				IPHONEOS_DEPLOYMENT_TARGET = 15.5;
				MTL_ENABLE_DEBUG_INFO = NO;
				MTL_FAST_MATH = YES;
				SDKROOT = iphoneos;
				SWIFT_COMPILATION_MODE = wholemodule;
				SWIFT_OPTIMIZATION_LEVEL = "-O";
				VALIDATE_PRODUCT = YES;
			};
			name = Release;
		};
		01004C5628B81C0300191059 /* Debug */ = {
			isa = XCBuildConfiguration;
			buildSettings = {
				ASSETCATALOG_COMPILER_APPICON_NAME = AppIcon;
				ASSETCATALOG_COMPILER_GLOBAL_ACCENT_COLOR_NAME = AccentColor;
				CODE_SIGN_STYLE = Automatic;
				CURRENT_PROJECT_VERSION = 1;
				GENERATE_INFOPLIST_FILE = YES;
				INFOPLIST_FILE = sortedBookStore/Info.plist;
				INFOPLIST_KEY_UIApplicationSupportsIndirectInputEvents = YES;
				INFOPLIST_KEY_UILaunchStoryboardName = LaunchScreen;
				INFOPLIST_KEY_UIMainStoryboardFile = Main;
				INFOPLIST_KEY_UISupportedInterfaceOrientations_iPad = "UIInterfaceOrientationPortrait UIInterfaceOrientationPortraitUpsideDown UIInterfaceOrientationLandscapeLeft UIInterfaceOrientationLandscapeRight";
				INFOPLIST_KEY_UISupportedInterfaceOrientations_iPhone = "UIInterfaceOrientationPortrait UIInterfaceOrientationLandscapeLeft UIInterfaceOrientationLandscapeRight";
				LD_RUNPATH_SEARCH_PATHS = (
					"$(inherited)",
					"@executable_path/Frameworks",
				);
				MARKETING_VERSION = 1.0;
				PRODUCT_BUNDLE_IDENTIFIER = HazalAlenazi.sortedBookStore;
				PRODUCT_NAME = "$(TARGET_NAME)";
				SWIFT_EMIT_LOC_STRINGS = YES;
				SWIFT_VERSION = 5.0;
				TARGETED_DEVICE_FAMILY = "1,2";
			};
			name = Debug;
		};
		01004C5728B81C0300191059 /* Release */ = {
			isa = XCBuildConfiguration;
			buildSettings = {
				ASSETCATALOG_COMPILER_APPICON_NAME = AppIcon;
				ASSETCATALOG_COMPILER_GLOBAL_ACCENT_COLOR_NAME = AccentColor;
				CODE_SIGN_STYLE = Automatic;
				CURRENT_PROJECT_VERSION = 1;
				GENERATE_INFOPLIST_FILE = YES;
				INFOPLIST_FILE = sortedBookStore/Info.plist;
				INFOPLIST_KEY_UIApplicationSupportsIndirectInputEvents = YES;
				INFOPLIST_KEY_UILaunchStoryboardName = LaunchScreen;
				INFOPLIST_KEY_UIMainStoryboardFile = Main;
				INFOPLIST_KEY_UISupportedInterfaceOrientations_iPad = "UIInterfaceOrientationPortrait UIInterfaceOrientationPortraitUpsideDown UIInterfaceOrientationLandscapeLeft UIInterfaceOrientationLandscapeRight";
				INFOPLIST_KEY_UISupportedInterfaceOrientations_iPhone = "UIInterfaceOrientationPortrait UIInterfaceOrientationLandscapeLeft UIInterfaceOrientationLandscapeRight";
				LD_RUNPATH_SEARCH_PATHS = (
					"$(inherited)",
					"@executable_path/Frameworks",
				);
				MARKETING_VERSION = 1.0;
				PRODUCT_BUNDLE_IDENTIFIER = HazalAlenazi.sortedBookStore;
				PRODUCT_NAME = "$(TARGET_NAME)";
				SWIFT_EMIT_LOC_STRINGS = YES;
				SWIFT_VERSION = 5.0;
				TARGETED_DEVICE_FAMILY = "1,2";
			};
			name = Release;
		};
/* End XCBuildConfiguration section */

/* Begin XCConfigurationList section */
		01004C3C28B81C0300191059 /* Build configuration list for PBXProject "sortedBookStore" */ = {
			isa = XCConfigurationList;
			buildConfigurations = (
				01004C5328B81C0300191059 /* Debug */,
				01004C5428B81C0300191059 /* Release */,
			);
			defaultConfigurationIsVisible = 0;
			defaultConfigurationName = Release;
		};
		01004C5528B81C0300191059 /* Build configuration list for PBXNativeTarget "sortedBookStore" */ = {
			isa = XCConfigurationList;
			buildConfigurations = (
				01004C5628B81C0300191059 /* Debug */,
				01004C5728B81C0300191059 /* Release */,
			);
			defaultConfigurationIsVisible = 0;
			defaultConfigurationName = Release;
		};
/* End XCConfigurationList section */
	};
	rootObject = 01004C3928B81C0300191059 /* Project object */;
}
