// !$*UTF8*$!
{
	archiveVersion = 1;
	classes = {
	};
	objectVersion = 55;
	objects = {

/* Begin PBXBuildFile section */
		14FB60B528BA5778003EAB78 /* AppDelegate.swift in Sources */ = {isa = PBXBuildFile; fileRef = 14FB60B428BA5778003EAB78 /* AppDelegate.swift */; };
		14FB60B728BA5778003EAB78 /* SceneDelegate.swift in Sources */ = {isa = PBXBuildFile; fileRef = 14FB60B628BA5778003EAB78 /* SceneDelegate.swift */; };
		14FB60B928BA5778003EAB78 /* ViewController.swift in Sources */ = {isa = PBXBuildFile; fileRef = 14FB60B828BA5778003EAB78 /* ViewController.swift */; };
		14FB60BC28BA5778003EAB78 /* Main.storyboard in Resources */ = {isa = PBXBuildFile; fileRef = 14FB60BA28BA5778003EAB78 /* Main.storyboard */; };
		14FB60BE28BA5779003EAB78 /* Assets.xcassets in Resources */ = {isa = PBXBuildFile; fileRef = 14FB60BD28BA5779003EAB78 /* Assets.xcassets */; };
		14FB60C128BA5779003EAB78 /* LaunchScreen.storyboard in Resources */ = {isa = PBXBuildFile; fileRef = 14FB60BF28BA5779003EAB78 /* LaunchScreen.storyboard */; };
		14FB60C928BA5930003EAB78 /* BooksCell.swift in Sources */ = {isa = PBXBuildFile; fileRef = 14FB60C828BA5930003EAB78 /* BooksCell.swift */; };
		14FB60CB28BA7A9B003EAB78 /* ViewController_2.swift in Sources */ = {isa = PBXBuildFile; fileRef = 14FB60CA28BA7A9B003EAB78 /* ViewController_2.swift */; };
/* End PBXBuildFile section */

/* Begin PBXFileReference section */
		14FB60B128BA5778003EAB78 /* LibraryBooks.app */ = {isa = PBXFileReference; explicitFileType = wrapper.application; includeInIndex = 0; path = LibraryBooks.app; sourceTree = BUILT_PRODUCTS_DIR; };
		14FB60B428BA5778003EAB78 /* AppDelegate.swift */ = {isa = PBXFileReference; lastKnownFileType = sourcecode.swift; path = AppDelegate.swift; sourceTree = "<group>"; };
		14FB60B628BA5778003EAB78 /* SceneDelegate.swift */ = {isa = PBXFileReference; lastKnownFileType = sourcecode.swift; path = SceneDelegate.swift; sourceTree = "<group>"; };
		14FB60B828BA5778003EAB78 /* ViewController.swift */ = {isa = PBXFileReference; lastKnownFileType = sourcecode.swift; path = ViewController.swift; sourceTree = "<group>"; };
		14FB60BB28BA5778003EAB78 /* Base */ = {isa = PBXFileReference; lastKnownFileType = file.storyboard; name = Base; path = Base.lproj/Main.storyboard; sourceTree = "<group>"; };
		14FB60BD28BA5779003EAB78 /* Assets.xcassets */ = {isa = PBXFileReference; lastKnownFileType = folder.assetcatalog; path = Assets.xcassets; sourceTree = "<group>"; };
		14FB60C028BA5779003EAB78 /* Base */ = {isa = PBXFileReference; lastKnownFileType = file.storyboard; name = Base; path = Base.lproj/LaunchScreen.storyboard; sourceTree = "<group>"; };
		14FB60C228BA5779003EAB78 /* Info.plist */ = {isa = PBXFileReference; lastKnownFileType = text.plist.xml; path = Info.plist; sourceTree = "<group>"; };
		14FB60C828BA5930003EAB78 /* BooksCell.swift */ = {isa = PBXFileReference; lastKnownFileType = sourcecode.swift; path = BooksCell.swift; sourceTree = "<group>"; };
		14FB60CA28BA7A9B003EAB78 /* ViewController_2.swift */ = {isa = PBXFileReference; lastKnownFileType = sourcecode.swift; path = ViewController_2.swift; sourceTree = "<group>"; };
/* End PBXFileReference section */

/* Begin PBXFrameworksBuildPhase section */
		14FB60AE28BA5778003EAB78 /* Frameworks */ = {
			isa = PBXFrameworksBuildPhase;
			buildActionMask = 2147483647;
			files = (
			);
			runOnlyForDeploymentPostprocessing = 0;
		};
/* End PBXFrameworksBuildPhase section */

/* Begin PBXGroup section */
		14FB60A828BA5778003EAB78 = {
			isa = PBXGroup;
			children = (
				14FB60CA28BA7A9B003EAB78 /* ViewController_2.swift */,
				14FB60C828BA5930003EAB78 /* BooksCell.swift */,
				14FB60B328BA5778003EAB78 /* LibraryBooks */,
				14FB60B228BA5778003EAB78 /* Products */,
			);
			sourceTree = "<group>";
		};
		14FB60B228BA5778003EAB78 /* Products */ = {
			isa = PBXGroup;
			children = (
				14FB60B128BA5778003EAB78 /* LibraryBooks.app */,
			);
			name = Products;
			sourceTree = "<group>";
		};
		14FB60B328BA5778003EAB78 /* LibraryBooks */ = {
			isa = PBXGroup;
			children = (
				14FB60B428BA5778003EAB78 /* AppDelegate.swift */,
				14FB60B628BA5778003EAB78 /* SceneDelegate.swift */,
				14FB60B828BA5778003EAB78 /* ViewController.swift */,
				14FB60BA28BA5778003EAB78 /* Main.storyboard */,
				14FB60BD28BA5779003EAB78 /* Assets.xcassets */,
				14FB60BF28BA5779003EAB78 /* LaunchScreen.storyboard */,
				14FB60C228BA5779003EAB78 /* Info.plist */,
			);
			path = LibraryBooks;
			sourceTree = "<group>";
		};
/* End PBXGroup section */

/* Begin PBXNativeTarget section */
		14FB60B028BA5778003EAB78 /* LibraryBooks */ = {
			isa = PBXNativeTarget;
			buildConfigurationList = 14FB60C528BA5779003EAB78 /* Build configuration list for PBXNativeTarget "LibraryBooks" */;
			buildPhases = (
				14FB60AD28BA5778003EAB78 /* Sources */,
				14FB60AE28BA5778003EAB78 /* Frameworks */,
				14FB60AF28BA5778003EAB78 /* Resources */,
			);
			buildRules = (
			);
			dependencies = (
			);
			name = LibraryBooks;
			productName = LibraryBooks;
			productReference = 14FB60B128BA5778003EAB78 /* LibraryBooks.app */;
			productType = "com.apple.product-type.application";
		};
/* End PBXNativeTarget section */

/* Begin PBXProject section */
		14FB60A928BA5778003EAB78 /* Project object */ = {
			isa = PBXProject;
			attributes = {
				BuildIndependentTargetsInParallel = 1;
				LastSwiftUpdateCheck = 1340;
				LastUpgradeCheck = 1340;
				TargetAttributes = {
					14FB60B028BA5778003EAB78 = {
						CreatedOnToolsVersion = 13.4.1;
					};
				};
			};
			buildConfigurationList = 14FB60AC28BA5778003EAB78 /* Build configuration list for PBXProject "LibraryBooks" */;
			compatibilityVersion = "Xcode 13.0";
			developmentRegion = en;
			hasScannedForEncodings = 0;
			knownRegions = (
				en,
				Base,
			);
			mainGroup = 14FB60A828BA5778003EAB78;
			productRefGroup = 14FB60B228BA5778003EAB78 /* Products */;
			projectDirPath = "";
			projectRoot = "";
			targets = (
				14FB60B028BA5778003EAB78 /* LibraryBooks */,
			);
		};
/* End PBXProject section */

/* Begin PBXResourcesBuildPhase section */
		14FB60AF28BA5778003EAB78 /* Resources */ = {
			isa = PBXResourcesBuildPhase;
			buildActionMask = 2147483647;
			files = (
				14FB60C128BA5779003EAB78 /* LaunchScreen.storyboard in Resources */,
				14FB60BE28BA5779003EAB78 /* Assets.xcassets in Resources */,
				14FB60BC28BA5778003EAB78 /* Main.storyboard in Resources */,
			);
			runOnlyForDeploymentPostprocessing = 0;
		};
/* End PBXResourcesBuildPhase section */

/* Begin PBXSourcesBuildPhase section */
		14FB60AD28BA5778003EAB78 /* Sources */ = {
			isa = PBXSourcesBuildPhase;
			buildActionMask = 2147483647;
			files = (
				14FB60C928BA5930003EAB78 /* BooksCell.swift in Sources */,
				14FB60B928BA5778003EAB78 /* ViewController.swift in Sources */,
				14FB60B528BA5778003EAB78 /* AppDelegate.swift in Sources */,
				14FB60B728BA5778003EAB78 /* SceneDelegate.swift in Sources */,
				14FB60CB28BA7A9B003EAB78 /* ViewController_2.swift in Sources */,
			);
			runOnlyForDeploymentPostprocessing = 0;
		};
/* End PBXSourcesBuildPhase section */

/* Begin PBXVariantGroup section */
		14FB60BA28BA5778003EAB78 /* Main.storyboard */ = {
			isa = PBXVariantGroup;
			children = (
				14FB60BB28BA5778003EAB78 /* Base */,
			);
			name = Main.storyboard;
			sourceTree = "<group>";
		};
		14FB60BF28BA5779003EAB78 /* LaunchScreen.storyboard */ = {
			isa = PBXVariantGroup;
			children = (
				14FB60C028BA5779003EAB78 /* Base */,
			);
			name = LaunchScreen.storyboard;
			sourceTree = "<group>";
		};
/* End PBXVariantGroup section */

/* Begin XCBuildConfiguration section */
		14FB60C328BA5779003EAB78 /* Debug */ = {
			isa = XCBuildConfiguration;
			buildSettings = {
				ALWAYS_SEARCH_USER_PATHS = NO;
				CLANG_ANALYZER_NONNULL = YES;
				CLANG_ANALYZER_NUMBER_OBJECT_CONVERSION = YES_AGGRESSIVE;
				CLANG_CXX_LANGUAGE_STANDARD = "gnu++17";
				CLANG_ENABLE_MODULES = YES;
				CLANG_ENABLE_OBJC_ARC = YES;
				CLANG_ENABLE_OBJC_WEAK = YES;
				CLANG_WARN_BLOCK_CAPTURE_AUTORELEASING = YES;
				CLANG_WARN_BOOL_CONVERSION = YES;
				CLANG_WARN_COMMA = YES;
				CLANG_WARN_CONSTANT_CONVERSION = YES;
				CLANG_WARN_DEPRECATED_OBJC_IMPLEMENTATIONS = YES;
				CLANG_WARN_DIRECT_OBJC_ISA_USAGE = YES_ERROR;
				CLANG_WARN_DOCUMENTATION_COMMENTS = YES;
				CLANG_WARN_EMPTY_BODY = YES;
				CLANG_WARN_ENUM_CONVERSION = YES;
				CLANG_WARN_INFINITE_RECURSION = YES;
				CLANG_WARN_INT_CONVERSION = YES;
				CLANG_WARN_NON_LITERAL_NULL_CONVERSION = YES;
				CLANG_WARN_OBJC_IMPLICIT_RETAIN_SELF = YES;
				CLANG_WARN_OBJC_LITERAL_CONVERSION = YES;
				CLANG_WARN_OBJC_ROOT_CLASS = YES_ERROR;
				CLANG_WARN_QUOTED_INCLUDE_IN_FRAMEWORK_HEADER = YES;
				CLANG_WARN_RANGE_LOOP_ANALYSIS = YES;
				CLANG_WARN_STRICT_PROTOTYPES = YES;
				CLANG_WARN_SUSPICIOUS_MOVE = YES;
				CLANG_WARN_UNGUARDED_AVAILABILITY = YES_AGGRESSIVE;
				CLANG_WARN_UNREACHABLE_CODE = YES;
				CLANG_WARN__DUPLICATE_METHOD_MATCH = YES;
				COPY_PHASE_STRIP = NO;
				DEBUG_INFORMATION_FORMAT = dwarf;
				ENABLE_STRICT_OBJC_MSGSEND = YES;
				ENABLE_TESTABILITY = YES;
				GCC_C_LANGUAGE_STANDARD = gnu11;
				GCC_DYNAMIC_NO_PIC = NO;
				GCC_NO_COMMON_BLOCKS = YES;
				GCC_OPTIMIZATION_LEVEL = 0;
				GCC_PREPROCESSOR_DEFINITIONS = (
					"DEBUG=1",
					"$(inherited)",
				);
				GCC_WARN_64_TO_32_BIT_CONVERSION = YES;
				GCC_WARN_ABOUT_RETURN_TYPE = YES_ERROR;
				GCC_WARN_UNDECLARED_SELECTOR = YES;
				GCC_WARN_UNINITIALIZED_AUTOS = YES_AGGRESSIVE;
				GCC_WARN_UNUSED_FUNCTION = YES;
				GCC_WARN_UNUSED_VARIABLE = YES;
				IPHONEOS_DEPLOYMENT_TARGET = 15.5;
				MTL_ENABLE_DEBUG_INFO = INCLUDE_SOURCE;
				MTL_FAST_MATH = YES;
				ONLY_ACTIVE_ARCH = YES;
				SDKROOT = iphoneos;
				SWIFT_ACTIVE_COMPILATION_CONDITIONS = DEBUG;
				SWIFT_OPTIMIZATION_LEVEL = "-Onone";
			};
			name = Debug;
		};
		14FB60C428BA5779003EAB78 /* Release */ = {
			isa = XCBuildConfiguration;
			buildSettings = {
				ALWAYS_SEARCH_USER_PATHS = NO;
				CLANG_ANALYZER_NONNULL = YES;
				CLANG_ANALYZER_NUMBER_OBJECT_CONVERSION = YES_AGGRESSIVE;
				CLANG_CXX_LANGUAGE_STANDARD = "gnu++17";
				CLANG_ENABLE_MODULES = YES;
				CLANG_ENABLE_OBJC_ARC = YES;
				CLANG_ENABLE_OBJC_WEAK = YES;
				CLANG_WARN_BLOCK_CAPTURE_AUTORELEASING = YES;
				CLANG_WARN_BOOL_CONVERSION = YES;
				CLANG_WARN_COMMA = YES;
				CLANG_WARN_CONSTANT_CONVERSION = YES;
				CLANG_WARN_DEPRECATED_OBJC_IMPLEMENTATIONS = YES;
				CLANG_WARN_DIRECT_OBJC_ISA_USAGE = YES_ERROR;
				CLANG_WARN_DOCUMENTATION_COMMENTS = YES;
				CLANG_WARN_EMPTY_BODY = YES;
				CLANG_WARN_ENUM_CONVERSION = YES;
				CLANG_WARN_INFINITE_RECURSION = YES;
				CLANG_WARN_INT_CONVERSION = YES;
				CLANG_WARN_NON_LITERAL_NULL_CONVERSION = YES;
				CLANG_WARN_OBJC_IMPLICIT_RETAIN_SELF = YES;
				CLANG_WARN_OBJC_LITERAL_CONVERSION = YES;
				CLANG_WARN_OBJC_ROOT_CLASS = YES_ERROR;
				CLANG_WARN_QUOTED_INCLUDE_IN_FRAMEWORK_HEADER = YES;
				CLANG_WARN_RANGE_LOOP_ANALYSIS = YES;
				CLANG_WARN_STRICT_PROTOTYPES = YES;
				CLANG_WARN_SUSPICIOUS_MOVE = YES;
				CLANG_WARN_UNGUARDED_AVAILABILITY = YES_AGGRESSIVE;
				CLANG_WARN_UNREACHABLE_CODE = YES;
				CLANG_WARN__DUPLICATE_METHOD_MATCH = YES;
				COPY_PHASE_STRIP = NO;
				DEBUG_INFORMATION_FORMAT = "dwarf-with-dsym";
				ENABLE_NS_ASSERTIONS = NO;
				ENABLE_STRICT_OBJC_MSGSEND = YES;
				GCC_C_LANGUAGE_STANDARD = gnu11;
				GCC_NO_COMMON_BLOCKS = YES;
				GCC_WARN_64_TO_32_BIT_CONVERSION = YES;
				GCC_WARN_ABOUT_RETURN_TYPE = YES_ERROR;
				GCC_WARN_UNDECLARED_SELECTOR = YES;
				GCC_WARN_UNINITIALIZED_AUTOS = YES_AGGRESSIVE;
				GCC_WARN_UNUSED_FUNCTION = YES;
				GCC_WARN_UNUSED_VARIABLE = YES;
				IPHONEOS_DEPLOYMENT_TARGET = 15.5;
				MTL_ENABLE_DEBUG_INFO = NO;
				MTL_FAST_MATH = YES;
				SDKROOT = iphoneos;
				SWIFT_COMPILATION_MODE = wholemodule;
				SWIFT_OPTIMIZATION_LEVEL = "-O";
				VALIDATE_PRODUCT = YES;
			};
			name = Release;
		};
		14FB60C628BA5779003EAB78 /* Debug */ = {
			isa = XCBuildConfiguration;
			buildSettings = {
				ASSETCATALOG_COMPILER_APPICON_NAME = AppIcon;
				ASSETCATALOG_COMPILER_GLOBAL_ACCENT_COLOR_NAME = AccentColor;
				CODE_SIGN_STYLE = Automatic;
				CURRENT_PROJECT_VERSION = 1;
				DEVELOPMENT_TEAM = 5UF95L5T59;
				GENERATE_INFOPLIST_FILE = YES;
				INFOPLIST_FILE = LibraryBooks/Info.plist;
				INFOPLIST_KEY_UIApplicationSupportsIndirectInputEvents = YES;
				INFOPLIST_KEY_UILaunchStoryboardName = LaunchScreen;
				INFOPLIST_KEY_UIMainStoryboardFile = Main;
				INFOPLIST_KEY_UISupportedInterfaceOrientations_iPad = "UIInterfaceOrientationPortrait UIInterfaceOrientationPortraitUpsideDown UIInterfaceOrientationLandscapeLeft UIInterfaceOrientationLandscapeRight";
				INFOPLIST_KEY_UISupportedInterfaceOrientations_iPhone = "UIInterfaceOrientationPortrait UIInterfaceOrientationLandscapeLeft UIInterfaceOrientationLandscapeRight";
				LD_RUNPATH_SEARCH_PATHS = (
					"$(inherited)",
					"@executable_path/Frameworks",
				);
				MARKETING_VERSION = 1.0;
				PRODUCT_BUNDLE_IDENTIFIER = twaq.LibraryBooks;
				PRODUCT_NAME = "$(TARGET_NAME)";
				SWIFT_EMIT_LOC_STRINGS = YES;
				SWIFT_VERSION = 5.0;
				TARGETED_DEVICE_FAMILY = "1,2";
			};
			name = Debug;
		};
		14FB60C728BA5779003EAB78 /* Release */ = {
			isa = XCBuildConfiguration;
			buildSettings = {
				ASSETCATALOG_COMPILER_APPICON_NAME = AppIcon;
				ASSETCATALOG_COMPILER_GLOBAL_ACCENT_COLOR_NAME = AccentColor;
				CODE_SIGN_STYLE = Automatic;
				CURRENT_PROJECT_VERSION = 1;
				DEVELOPMENT_TEAM = 5UF95L5T59;
				GENERATE_INFOPLIST_FILE = YES;
				INFOPLIST_FILE = LibraryBooks/Info.plist;
				INFOPLIST_KEY_UIApplicationSupportsIndirectInputEvents = YES;
				INFOPLIST_KEY_UILaunchStoryboardName = LaunchScreen;
				INFOPLIST_KEY_UIMainStoryboardFile = Main;
				INFOPLIST_KEY_UISupportedInterfaceOrientations_iPad = "UIInterfaceOrientationPortrait UIInterfaceOrientationPortraitUpsideDown UIInterfaceOrientationLandscapeLeft UIInterfaceOrientationLandscapeRight";
				INFOPLIST_KEY_UISupportedInterfaceOrientations_iPhone = "UIInterfaceOrientationPortrait UIInterfaceOrientationLandscapeLeft UIInterfaceOrientationLandscapeRight";
				LD_RUNPATH_SEARCH_PATHS = (
					"$(inherited)",
					"@executable_path/Frameworks",
				);
				MARKETING_VERSION = 1.0;
				PRODUCT_BUNDLE_IDENTIFIER = twaq.LibraryBooks;
				PRODUCT_NAME = "$(TARGET_NAME)";
				SWIFT_EMIT_LOC_STRINGS = YES;
				SWIFT_VERSION = 5.0;
				TARGETED_DEVICE_FAMILY = "1,2";
			};
			name = Release;
		};
/* End XCBuildConfiguration section */

/* Begin XCConfigurationList section */
		14FB60AC28BA5778003EAB78 /* Build configuration list for PBXProject "LibraryBooks" */ = {
			isa = XCConfigurationList;
			buildConfigurations = (
				14FB60C328BA5779003EAB78 /* Debug */,
				14FB60C428BA5779003EAB78 /* Release */,
			);
			defaultConfigurationIsVisible = 0;
			defaultConfigurationName = Release;
		};
		14FB60C528BA5779003EAB78 /* Build configuration list for PBXNativeTarget "LibraryBooks" */ = {
			isa = XCConfigurationList;
			buildConfigurations = (
				14FB60C628BA5779003EAB78 /* Debug */,
				14FB60C728BA5779003EAB78 /* Release */,
			);
			defaultConfigurationIsVisible = 0;
			defaultConfigurationName = Release;
		};
/* End XCConfigurationList section */
	};
	rootObject = 14FB60A928BA5778003EAB78 /* Project object */;
}
