// !$*UTF8*$!
{
	archiveVersion = 1;
	classes = {
	};
	objectVersion = 55;
	objects = {

/* Begin PBXBuildFile section */
		1897BB9828B821D50057D64B /* FileBook.swift in Sources */ = {isa = PBXBuildFile; fileRef = 1897BB9728B821D50057D64B /* FileBook.swift */; };
		1897BB9B28B8232F0057D64B /* TableViewCell.swift in Sources */ = {isa = PBXBuildFile; fileRef = 1897BB9928B8232F0057D64B /* TableViewCell.swift */; };
		1897BB9C28B8232F0057D64B /* TableViewCell.xib in Resources */ = {isa = PBXBuildFile; fileRef = 1897BB9A28B8232F0057D64B /* TableViewCell.xib */; };
		1897BB9E28B908810057D64B /* ViewController2.swift in Sources */ = {isa = PBXBuildFile; fileRef = 1897BB9D28B908810057D64B /* ViewController2.swift */; };
		18D0AC5A28B79236009BF740 /* AppDelegate.swift in Sources */ = {isa = PBXBuildFile; fileRef = 18D0AC5928B79236009BF740 /* AppDelegate.swift */; };
		18D0AC5C28B79236009BF740 /* SceneDelegate.swift in Sources */ = {isa = PBXBuildFile; fileRef = 18D0AC5B28B79236009BF740 /* SceneDelegate.swift */; };
		18D0AC5E28B79236009BF740 /* ViewController.swift in Sources */ = {isa = PBXBuildFile; fileRef = 18D0AC5D28B79236009BF740 /* ViewController.swift */; };
		18D0AC6128B79236009BF740 /* Main.storyboard in Resources */ = {isa = PBXBuildFile; fileRef = 18D0AC5F28B79236009BF740 /* Main.storyboard */; };
		18D0AC6328B7923C009BF740 /* Assets.xcassets in Resources */ = {isa = PBXBuildFile; fileRef = 18D0AC6228B7923C009BF740 /* Assets.xcassets */; };
		18D0AC6628B7923C009BF740 /* LaunchScreen.storyboard in Resources */ = {isa = PBXBuildFile; fileRef = 18D0AC6428B7923C009BF740 /* LaunchScreen.storyboard */; };
		18D0AC6E28B7926B009BF740 /* Book.swift in Sources */ = {isa = PBXBuildFile; fileRef = 18D0AC6D28B7926B009BF740 /* Book.swift */; };
		18FEF6CC28B9B19100EA230C /* IQKeyboardManagerSwift in Frameworks */ = {isa = PBXBuildFile; productRef = 18FEF6CB28B9B19100EA230C /* IQKeyboardManagerSwift */; };
/* End PBXBuildFile section */

/* Begin PBXFileReference section */
		1897BB9728B821D50057D64B /* FileBook.swift */ = {isa = PBXFileReference; lastKnownFileType = sourcecode.swift; path = FileBook.swift; sourceTree = "<group>"; };
		1897BB9928B8232F0057D64B /* TableViewCell.swift */ = {isa = PBXFileReference; lastKnownFileType = sourcecode.swift; path = TableViewCell.swift; sourceTree = "<group>"; };
		1897BB9A28B8232F0057D64B /* TableViewCell.xib */ = {isa = PBXFileReference; lastKnownFileType = file.xib; path = TableViewCell.xib; sourceTree = "<group>"; };
		1897BB9D28B908810057D64B /* ViewController2.swift */ = {isa = PBXFileReference; lastKnownFileType = sourcecode.swift; path = ViewController2.swift; sourceTree = "<group>"; };
		18D0AC5628B79236009BF740 /* BookStore.app */ = {isa = PBXFileReference; explicitFileType = wrapper.application; includeInIndex = 0; path = BookStore.app; sourceTree = BUILT_PRODUCTS_DIR; };
		18D0AC5928B79236009BF740 /* AppDelegate.swift */ = {isa = PBXFileReference; lastKnownFileType = sourcecode.swift; path = AppDelegate.swift; sourceTree = "<group>"; };
		18D0AC5B28B79236009BF740 /* SceneDelegate.swift */ = {isa = PBXFileReference; lastKnownFileType = sourcecode.swift; path = SceneDelegate.swift; sourceTree = "<group>"; };
		18D0AC5D28B79236009BF740 /* ViewController.swift */ = {isa = PBXFileReference; lastKnownFileType = sourcecode.swift; path = ViewController.swift; sourceTree = "<group>"; };
		18D0AC6028B79236009BF740 /* Base */ = {isa = PBXFileReference; lastKnownFileType = file.storyboard; name = Base; path = Base.lproj/Main.storyboard; sourceTree = "<group>"; };
		18D0AC6228B7923C009BF740 /* Assets.xcassets */ = {isa = PBXFileReference; lastKnownFileType = folder.assetcatalog; path = Assets.xcassets; sourceTree = "<group>"; };
		18D0AC6528B7923C009BF740 /* Base */ = {isa = PBXFileReference; lastKnownFileType = file.storyboard; name = Base; path = Base.lproj/LaunchScreen.storyboard; sourceTree = "<group>"; };
		18D0AC6728B7923C009BF740 /* Info.plist */ = {isa = PBXFileReference; lastKnownFileType = text.plist.xml; path = Info.plist; sourceTree = "<group>"; };
		18D0AC6D28B7926B009BF740 /* Book.swift */ = {isa = PBXFileReference; lastKnownFileType = sourcecode.swift; path = Book.swift; sourceTree = "<group>"; };
/* End PBXFileReference section */

/* Begin PBXFrameworksBuildPhase section */
		18D0AC5328B79236009BF740 /* Frameworks */ = {
			isa = PBXFrameworksBuildPhase;
			buildActionMask = 2147483647;
			files = (
				18FEF6CC28B9B19100EA230C /* IQKeyboardManagerSwift in Frameworks */,
			);
			runOnlyForDeploymentPostprocessing = 0;
		};
/* End PBXFrameworksBuildPhase section */

/* Begin PBXGroup section */
		18D0AC4D28B79235009BF740 = {
			isa = PBXGroup;
			children = (
				18D0AC5828B79236009BF740 /* BookStore */,
				18D0AC5728B79236009BF740 /* Products */,
			);
			sourceTree = "<group>";
		};
		18D0AC5728B79236009BF740 /* Products */ = {
			isa = PBXGroup;
			children = (
				18D0AC5628B79236009BF740 /* BookStore.app */,
			);
			name = Products;
			sourceTree = "<group>";
		};
		18D0AC5828B79236009BF740 /* BookStore */ = {
			isa = PBXGroup;
			children = (
				18D0AC5928B79236009BF740 /* AppDelegate.swift */,
				18D0AC5B28B79236009BF740 /* SceneDelegate.swift */,
				18D0AC5D28B79236009BF740 /* ViewController.swift */,
				1897BB9D28B908810057D64B /* ViewController2.swift */,
				1897BB9728B821D50057D64B /* FileBook.swift */,
				18D0AC6D28B7926B009BF740 /* Book.swift */,
				18D0AC5F28B79236009BF740 /* Main.storyboard */,
				1897BB9A28B8232F0057D64B /* TableViewCell.xib */,
				18D0AC6428B7923C009BF740 /* LaunchScreen.storyboard */,
				1897BB9928B8232F0057D64B /* TableViewCell.swift */,
				18D0AC6228B7923C009BF740 /* Assets.xcassets */,
				18D0AC6728B7923C009BF740 /* Info.plist */,
			);
			path = BookStore;
			sourceTree = "<group>";
		};
/* End PBXGroup section */

/* Begin PBXNativeTarget section */
		18D0AC5528B79236009BF740 /* BookStore */ = {
			isa = PBXNativeTarget;
			buildConfigurationList = 18D0AC6A28B7923D009BF740 /* Build configuration list for PBXNativeTarget "BookStore" */;
			buildPhases = (
				18D0AC5228B79236009BF740 /* Sources */,
				18D0AC5328B79236009BF740 /* Frameworks */,
				18D0AC5428B79236009BF740 /* Resources */,
			);
			buildRules = (
			);
			dependencies = (
			);
			name = BookStore;
			packageProductDependencies = (
				18FEF6CB28B9B19100EA230C /* IQKeyboardManagerSwift */,
			);
			productName = BookStore;
			productReference = 18D0AC5628B79236009BF740 /* BookStore.app */;
			productType = "com.apple.product-type.application";
		};
/* End PBXNativeTarget section */

/* Begin PBXProject section */
		18D0AC4E28B79236009BF740 /* Project object */ = {
			isa = PBXProject;
			attributes = {
				BuildIndependentTargetsInParallel = 1;
				LastSwiftUpdateCheck = 1340;
				LastUpgradeCheck = 1340;
				TargetAttributes = {
					18D0AC5528B79236009BF740 = {
						CreatedOnToolsVersion = 13.4.1;
					};
				};
			};
			buildConfigurationList = 18D0AC5128B79236009BF740 /* Build configuration list for PBXProject "BookStore" */;
			compatibilityVersion = "Xcode 13.0";
			developmentRegion = en;
			hasScannedForEncodings = 0;
			knownRegions = (
				en,
				Base,
			);
			mainGroup = 18D0AC4D28B79235009BF740;
			packageReferences = (
				18FEF6CA28B9B19100EA230C /* XCRemoteSwiftPackageReference "IQKeyboardManager" */,
			);
			productRefGroup = 18D0AC5728B79236009BF740 /* Products */;
			projectDirPath = "";
			projectRoot = "";
			targets = (
				18D0AC5528B79236009BF740 /* BookStore */,
			);
		};
/* End PBXProject section */

/* Begin PBXResourcesBuildPhase section */
		18D0AC5428B79236009BF740 /* Resources */ = {
			isa = PBXResourcesBuildPhase;
			buildActionMask = 2147483647;
			files = (
				18D0AC6628B7923C009BF740 /* LaunchScreen.storyboard in Resources */,
				1897BB9C28B8232F0057D64B /* TableViewCell.xib in Resources */,
				18D0AC6328B7923C009BF740 /* Assets.xcassets in Resources */,
				18D0AC6128B79236009BF740 /* Main.storyboard in Resources */,
			);
			runOnlyForDeploymentPostprocessing = 0;
		};
/* End PBXResourcesBuildPhase section */

/* Begin PBXSourcesBuildPhase section */
		18D0AC5228B79236009BF740 /* Sources */ = {
			isa = PBXSourcesBuildPhase;
			buildActionMask = 2147483647;
			files = (
				1897BB9E28B908810057D64B /* ViewController2.swift in Sources */,
				18D0AC6E28B7926B009BF740 /* Book.swift in Sources */,
				18D0AC5E28B79236009BF740 /* ViewController.swift in Sources */,
				1897BB9828B821D50057D64B /* FileBook.swift in Sources */,
				1897BB9B28B8232F0057D64B /* TableViewCell.swift in Sources */,
				18D0AC5A28B79236009BF740 /* AppDelegate.swift in Sources */,
				18D0AC5C28B79236009BF740 /* SceneDelegate.swift in Sources */,
			);
			runOnlyForDeploymentPostprocessing = 0;
		};
/* End PBXSourcesBuildPhase section */

/* Begin PBXVariantGroup section */
		18D0AC5F28B79236009BF740 /* Main.storyboard */ = {
			isa = PBXVariantGroup;
			children = (
				18D0AC6028B79236009BF740 /* Base */,
			);
			name = Main.storyboard;
			sourceTree = "<group>";
		};
		18D0AC6428B7923C009BF740 /* LaunchScreen.storyboard */ = {
			isa = PBXVariantGroup;
			children = (
				18D0AC6528B7923C009BF740 /* Base */,
			);
			name = LaunchScreen.storyboard;
			sourceTree = "<group>";
		};
/* End PBXVariantGroup section */

/* Begin XCBuildConfiguration section */
		18D0AC6828B7923C009BF740 /* Debug */ = {
			isa = XCBuildConfiguration;
			buildSettings = {
				ALWAYS_SEARCH_USER_PATHS = NO;
				CLANG_ANALYZER_NONNULL = YES;
				CLANG_ANALYZER_NUMBER_OBJECT_CONVERSION = YES_AGGRESSIVE;
				CLANG_CXX_LANGUAGE_STANDARD = "gnu++17";
				CLANG_ENABLE_MODULES = YES;
				CLANG_ENABLE_OBJC_ARC = YES;
				CLANG_ENABLE_OBJC_WEAK = YES;
				CLANG_WARN_BLOCK_CAPTURE_AUTORELEASING = YES;
				CLANG_WARN_BOOL_CONVERSION = YES;
				CLANG_WARN_COMMA = YES;
				CLANG_WARN_CONSTANT_CONVERSION = YES;
				CLANG_WARN_DEPRECATED_OBJC_IMPLEMENTATIONS = YES;
				CLANG_WARN_DIRECT_OBJC_ISA_USAGE = YES_ERROR;
				CLANG_WARN_DOCUMENTATION_COMMENTS = YES;
				CLANG_WARN_EMPTY_BODY = YES;
				CLANG_WARN_ENUM_CONVERSION = YES;
				CLANG_WARN_INFINITE_RECURSION = YES;
				CLANG_WARN_INT_CONVERSION = YES;
				CLANG_WARN_NON_LITERAL_NULL_CONVERSION = YES;
				CLANG_WARN_OBJC_IMPLICIT_RETAIN_SELF = YES;
				CLANG_WARN_OBJC_LITERAL_CONVERSION = YES;
				CLANG_WARN_OBJC_ROOT_CLASS = YES_ERROR;
				CLANG_WARN_QUOTED_INCLUDE_IN_FRAMEWORK_HEADER = YES;
				CLANG_WARN_RANGE_LOOP_ANALYSIS = YES;
				CLANG_WARN_STRICT_PROTOTYPES = YES;
				CLANG_WARN_SUSPICIOUS_MOVE = YES;
				CLANG_WARN_UNGUARDED_AVAILABILITY = YES_AGGRESSIVE;
				CLANG_WARN_UNREACHABLE_CODE = YES;
				CLANG_WARN__DUPLICATE_METHOD_MATCH = YES;
				COPY_PHASE_STRIP = NO;
				DEBUG_INFORMATION_FORMAT = dwarf;
				ENABLE_STRICT_OBJC_MSGSEND = YES;
				ENABLE_TESTABILITY = YES;
				GCC_C_LANGUAGE_STANDARD = gnu11;
				GCC_DYNAMIC_NO_PIC = NO;
				GCC_NO_COMMON_BLOCKS = YES;
				GCC_OPTIMIZATION_LEVEL = 0;
				GCC_PREPROCESSOR_DEFINITIONS = (
					"DEBUG=1",
					"$(inherited)",
				);
				GCC_WARN_64_TO_32_BIT_CONVERSION = YES;
				GCC_WARN_ABOUT_RETURN_TYPE = YES_ERROR;
				GCC_WARN_UNDECLARED_SELECTOR = YES;
				GCC_WARN_UNINITIALIZED_AUTOS = YES_AGGRESSIVE;
				GCC_WARN_UNUSED_FUNCTION = YES;
				GCC_WARN_UNUSED_VARIABLE = YES;
				IPHONEOS_DEPLOYMENT_TARGET = 15.5;
				MTL_ENABLE_DEBUG_INFO = INCLUDE_SOURCE;
				MTL_FAST_MATH = YES;
				ONLY_ACTIVE_ARCH = YES;
				SDKROOT = iphoneos;
				SWIFT_ACTIVE_COMPILATION_CONDITIONS = DEBUG;
				SWIFT_OPTIMIZATION_LEVEL = "-Onone";
			};
			name = Debug;
		};
		18D0AC6928B7923C009BF740 /* Release */ = {
			isa = XCBuildConfiguration;
			buildSettings = {
				ALWAYS_SEARCH_USER_PATHS = NO;
				CLANG_ANALYZER_NONNULL = YES;
				CLANG_ANALYZER_NUMBER_OBJECT_CONVERSION = YES_AGGRESSIVE;
				CLANG_CXX_LANGUAGE_STANDARD = "gnu++17";
				CLANG_ENABLE_MODULES = YES;
				CLANG_ENABLE_OBJC_ARC = YES;
				CLANG_ENABLE_OBJC_WEAK = YES;
				CLANG_WARN_BLOCK_CAPTURE_AUTORELEASING = YES;
				CLANG_WARN_BOOL_CONVERSION = YES;
				CLANG_WARN_COMMA = YES;
				CLANG_WARN_CONSTANT_CONVERSION = YES;
				CLANG_WARN_DEPRECATED_OBJC_IMPLEMENTATIONS = YES;
				CLANG_WARN_DIRECT_OBJC_ISA_USAGE = YES_ERROR;
				CLANG_WARN_DOCUMENTATION_COMMENTS = YES;
				CLANG_WARN_EMPTY_BODY = YES;
				CLANG_WARN_ENUM_CONVERSION = YES;
				CLANG_WARN_INFINITE_RECURSION = YES;
				CLANG_WARN_INT_CONVERSION = YES;
				CLANG_WARN_NON_LITERAL_NULL_CONVERSION = YES;
				CLANG_WARN_OBJC_IMPLICIT_RETAIN_SELF = YES;
				CLANG_WARN_OBJC_LITERAL_CONVERSION = YES;
				CLANG_WARN_OBJC_ROOT_CLASS = YES_ERROR;
				CLANG_WARN_QUOTED_INCLUDE_IN_FRAMEWORK_HEADER = YES;
				CLANG_WARN_RANGE_LOOP_ANALYSIS = YES;
				CLANG_WARN_STRICT_PROTOTYPES = YES;
				CLANG_WARN_SUSPICIOUS_MOVE = YES;
				CLANG_WARN_UNGUARDED_AVAILABILITY = YES_AGGRESSIVE;
				CLANG_WARN_UNREACHABLE_CODE = YES;
				CLANG_WARN__DUPLICATE_METHOD_MATCH = YES;
				COPY_PHASE_STRIP = NO;
				DEBUG_INFORMATION_FORMAT = "dwarf-with-dsym";
				ENABLE_NS_ASSERTIONS = NO;
				ENABLE_STRICT_OBJC_MSGSEND = YES;
				GCC_C_LANGUAGE_STANDARD = gnu11;
				GCC_NO_COMMON_BLOCKS = YES;
				GCC_WARN_64_TO_32_BIT_CONVERSION = YES;
				GCC_WARN_ABOUT_RETURN_TYPE = YES_ERROR;
				GCC_WARN_UNDECLARED_SELECTOR = YES;
				GCC_WARN_UNINITIALIZED_AUTOS = YES_AGGRESSIVE;
				GCC_WARN_UNUSED_FUNCTION = YES;
				GCC_WARN_UNUSED_VARIABLE = YES;
				IPHONEOS_DEPLOYMENT_TARGET = 15.5;
				MTL_ENABLE_DEBUG_INFO = NO;
				MTL_FAST_MATH = YES;
				SDKROOT = iphoneos;
				SWIFT_COMPILATION_MODE = wholemodule;
				SWIFT_OPTIMIZATION_LEVEL = "-O";
				VALIDATE_PRODUCT = YES;
			};
			name = Release;
		};
		18D0AC6B28B7923D009BF740 /* Debug */ = {
			isa = XCBuildConfiguration;
			buildSettings = {
				ASSETCATALOG_COMPILER_APPICON_NAME = AppIcon;
				ASSETCATALOG_COMPILER_GLOBAL_ACCENT_COLOR_NAME = AccentColor;
				CODE_SIGN_STYLE = Automatic;
				CURRENT_PROJECT_VERSION = 1;
				DEVELOPMENT_TEAM = 587F47LTUN;
				GENERATE_INFOPLIST_FILE = YES;
				INFOPLIST_FILE = BookStore/Info.plist;
				INFOPLIST_KEY_UIApplicationSupportsIndirectInputEvents = YES;
				INFOPLIST_KEY_UILaunchStoryboardName = LaunchScreen;
				INFOPLIST_KEY_UIMainStoryboardFile = Main;
				INFOPLIST_KEY_UISupportedInterfaceOrientations_iPad = "UIInterfaceOrientationPortrait UIInterfaceOrientationPortraitUpsideDown UIInterfaceOrientationLandscapeLeft UIInterfaceOrientationLandscapeRight";
				INFOPLIST_KEY_UISupportedInterfaceOrientations_iPhone = "UIInterfaceOrientationPortrait UIInterfaceOrientationLandscapeLeft UIInterfaceOrientationLandscapeRight";
				LD_RUNPATH_SEARCH_PATHS = (
					"$(inherited)",
					"@executable_path/Frameworks",
				);
				MARKETING_VERSION = 1.0;
				PRODUCT_BUNDLE_IDENTIFIER = com.example.BookStore;
				PRODUCT_NAME = "$(TARGET_NAME)";
				SWIFT_EMIT_LOC_STRINGS = YES;
				SWIFT_VERSION = 5.0;
				TARGETED_DEVICE_FAMILY = "1,2";
			};
			name = Debug;
		};
		18D0AC6C28B7923D009BF740 /* Release */ = {
			isa = XCBuildConfiguration;
			buildSettings = {
				ASSETCATALOG_COMPILER_APPICON_NAME = AppIcon;
				ASSETCATALOG_COMPILER_GLOBAL_ACCENT_COLOR_NAME = AccentColor;
				CODE_SIGN_STYLE = Automatic;
				CURRENT_PROJECT_VERSION = 1;
				DEVELOPMENT_TEAM = 587F47LTUN;
				GENERATE_INFOPLIST_FILE = YES;
				INFOPLIST_FILE = BookStore/Info.plist;
				INFOPLIST_KEY_UIApplicationSupportsIndirectInputEvents = YES;
				INFOPLIST_KEY_UILaunchStoryboardName = LaunchScreen;
				INFOPLIST_KEY_UIMainStoryboardFile = Main;
				INFOPLIST_KEY_UISupportedInterfaceOrientations_iPad = "UIInterfaceOrientationPortrait UIInterfaceOrientationPortraitUpsideDown UIInterfaceOrientationLandscapeLeft UIInterfaceOrientationLandscapeRight";
				INFOPLIST_KEY_UISupportedInterfaceOrientations_iPhone = "UIInterfaceOrientationPortrait UIInterfaceOrientationLandscapeLeft UIInterfaceOrientationLandscapeRight";
				LD_RUNPATH_SEARCH_PATHS = (
					"$(inherited)",
					"@executable_path/Frameworks",
				);
				MARKETING_VERSION = 1.0;
				PRODUCT_BUNDLE_IDENTIFIER = com.example.BookStore;
				PRODUCT_NAME = "$(TARGET_NAME)";
				SWIFT_EMIT_LOC_STRINGS = YES;
				SWIFT_VERSION = 5.0;
				TARGETED_DEVICE_FAMILY = "1,2";
			};
			name = Release;
		};
/* End XCBuildConfiguration section */

/* Begin XCConfigurationList section */
		18D0AC5128B79236009BF740 /* Build configuration list for PBXProject "BookStore" */ = {
			isa = XCConfigurationList;
			buildConfigurations = (
				18D0AC6828B7923C009BF740 /* Debug */,
				18D0AC6928B7923C009BF740 /* Release */,
			);
			defaultConfigurationIsVisible = 0;
			defaultConfigurationName = Release;
		};
		18D0AC6A28B7923D009BF740 /* Build configuration list for PBXNativeTarget "BookStore" */ = {
			isa = XCConfigurationList;
			buildConfigurations = (
				18D0AC6B28B7923D009BF740 /* Debug */,
				18D0AC6C28B7923D009BF740 /* Release */,
			);
			defaultConfigurationIsVisible = 0;
			defaultConfigurationName = Release;
		};
/* End XCConfigurationList section */

/* Begin XCRemoteSwiftPackageReference section */
		18FEF6CA28B9B19100EA230C /* XCRemoteSwiftPackageReference "IQKeyboardManager" */ = {
			isa = XCRemoteSwiftPackageReference;
			repositoryURL = "https://github.com/hackiftekhar/IQKeyboardManager.git";
			requirement = {
				branch = master;
				kind = branch;
			};
		};
/* End XCRemoteSwiftPackageReference section */

/* Begin XCSwiftPackageProductDependency section */
		18FEF6CB28B9B19100EA230C /* IQKeyboardManagerSwift */ = {
			isa = XCSwiftPackageProductDependency;
			package = 18FEF6CA28B9B19100EA230C /* XCRemoteSwiftPackageReference "IQKeyboardManager" */;
			productName = IQKeyboardManagerSwift;
		};
/* End XCSwiftPackageProductDependency section */
	};
	rootObject = 18D0AC4E28B79236009BF740 /* Project object */;
}
